// !$*UTF8*$!
{
	archiveVersion = 1;
	classes = {
	};
	objectVersion = 50;
	objects = {

/* Begin PBXBuildFile section */
		1ECEF60533D0D13783AD4B27 /* Pods_VIT_Hack.framework in Frameworks */ = {isa = PBXBuildFile; fileRef = C68E46FB1A73B9D9B034A773 /* Pods_VIT_Hack.framework */; };
		5BCAC2D22446F23600C19FEE /* LoginVC.swift in Sources */ = {isa = PBXBuildFile; fileRef = 5BCAC2D12446F23600C19FEE /* LoginVC.swift */; };
		5BCAC2D42446F24100C19FEE /* SignUpVC.swift in Sources */ = {isa = PBXBuildFile; fileRef = 5BCAC2D32446F24100C19FEE /* SignUpVC.swift */; };
		5BCAC2D62446F25600C19FEE /* ForgotPasswordVC.swift in Sources */ = {isa = PBXBuildFile; fileRef = 5BCAC2D52446F25600C19FEE /* ForgotPasswordVC.swift */; };
		5BCAC2D82446F26900C19FEE /* UserFormVC.swift in Sources */ = {isa = PBXBuildFile; fileRef = 5BCAC2D72446F26900C19FEE /* UserFormVC.swift */; };
		5BCAC2DA2446F29F00C19FEE /* CompanyVC.swift in Sources */ = {isa = PBXBuildFile; fileRef = 5BCAC2D92446F29F00C19FEE /* CompanyVC.swift */; };
		5BCAC2DC2446F2AD00C19FEE /* TimelineVC.swift in Sources */ = {isa = PBXBuildFile; fileRef = 5BCAC2DB2446F2AD00C19FEE /* TimelineVC.swift */; };
		5BCAC2DE2446F2D700C19FEE /* AboutUsVC.swift in Sources */ = {isa = PBXBuildFile; fileRef = 5BCAC2DD2446F2D700C19FEE /* AboutUsVC.swift */; };
		5BCAC2E02446F2F700C19FEE /* Speaker+SponsorVC.swift in Sources */ = {isa = PBXBuildFile; fileRef = 5BCAC2DF2446F2F700C19FEE /* Speaker+SponsorVC.swift */; };
		5BCAC2E22446F30700C19FEE /* FAQVC.swift in Sources */ = {isa = PBXBuildFile; fileRef = 5BCAC2E12446F30700C19FEE /* FAQVC.swift */; };
		5BCAC2E42446F31F00C19FEE /* TracksVC.swift in Sources */ = {isa = PBXBuildFile; fileRef = 5BCAC2E32446F31F00C19FEE /* TracksVC.swift */; };
		5BCAC2E62446F32C00C19FEE /* ProfileVC.swift in Sources */ = {isa = PBXBuildFile; fileRef = 5BCAC2E52446F32C00C19FEE /* ProfileVC.swift */; };
		5BCAC2E82446F35000C19FEE /* AskFAQVC.swift in Sources */ = {isa = PBXBuildFile; fileRef = 5BCAC2E72446F35000C19FEE /* AskFAQVC.swift */; };
		772E408E244873D200276317 /* SponsorData.swift in Sources */ = {isa = PBXBuildFile; fileRef = 772E408D244873D200276317 /* SponsorData.swift */; };
		7742BA0024365A3200030DF5 /* AppDelegate.swift in Sources */ = {isa = PBXBuildFile; fileRef = 7742B9FF24365A3200030DF5 /* AppDelegate.swift */; };
		7742BA0524365A3200030DF5 /* Main.storyboard in Resources */ = {isa = PBXBuildFile; fileRef = 7742BA0324365A3200030DF5 /* Main.storyboard */; };
		7742BA0724365A3300030DF5 /* Assets.xcassets in Resources */ = {isa = PBXBuildFile; fileRef = 7742BA0624365A3300030DF5 /* Assets.xcassets */; };
		7742BA0A24365A3300030DF5 /* LaunchScreen.storyboard in Resources */ = {isa = PBXBuildFile; fileRef = 7742BA0824365A3300030DF5 /* LaunchScreen.storyboard */; };
		775B1FE824365F8000E6F221 /* GoogleService-Info.plist in Resources */ = {isa = PBXBuildFile; fileRef = 775B1FE724365F8000E6F221 /* GoogleService-Info.plist */; };
		775B1FEC2436601500E6F221 /* Reachability.swift in Sources */ = {isa = PBXBuildFile; fileRef = 775B1FEB2436601500E6F221 /* Reachability.swift */; };
		775B1FEE2436604300E6F221 /* statusBarView.swift in Sources */ = {isa = PBXBuildFile; fileRef = 775B1FED2436604300E6F221 /* statusBarView.swift */; };
		775B1FF02436607300E6F221 /* constants.swift in Sources */ = {isa = PBXBuildFile; fileRef = 775B1FEF2436607300E6F221 /* constants.swift */; };
		775B1FF32436615D00E6F221 /* FirebaseAuth.swift in Sources */ = {isa = PBXBuildFile; fileRef = 775B1FF22436615D00E6F221 /* FirebaseAuth.swift */; };
		775B1FF52436618200E6F221 /* firebaseSignOut.swift in Sources */ = {isa = PBXBuildFile; fileRef = 775B1FF42436618200E6F221 /* firebaseSignOut.swift */; };
		775B1FF72436622000E6F221 /* checkNetwork.swift in Sources */ = {isa = PBXBuildFile; fileRef = 775B1FF62436622000E6F221 /* checkNetwork.swift */; };
		775B1FF92436622D00E6F221 /* haptic+Feedback.swift in Sources */ = {isa = PBXBuildFile; fileRef = 775B1FF82436622D00E6F221 /* haptic+Feedback.swift */; };
		775B1FFB2436624100E6F221 /* alert+Function.swift in Sources */ = {isa = PBXBuildFile; fileRef = 775B1FFA2436624100E6F221 /* alert+Function.swift */; };
		775B1FFD243662B100E6F221 /* instantiate+ViewController.swift in Sources */ = {isa = PBXBuildFile; fileRef = 775B1FFC243662B100E6F221 /* instantiate+ViewController.swift */; };
		775B1FFF2436634900E6F221 /* keyboard+Hide.swift in Sources */ = {isa = PBXBuildFile; fileRef = 775B1FFE2436634900E6F221 /* keyboard+Hide.swift */; };
		775B2002243663DA00E6F221 /* firebaseNetworking.swift in Sources */ = {isa = PBXBuildFile; fileRef = 775B2001243663DA00E6F221 /* firebaseNetworking.swift */; };
		776A7FBF24470A9D00D6349C /* googleSignIn.swift in Sources */ = {isa = PBXBuildFile; fileRef = 776A7FBE24470A9D00D6349C /* googleSignIn.swift */; };
		776A7FC124470F2C00D6349C /* google+SignIn.swift in Sources */ = {isa = PBXBuildFile; fileRef = 776A7FC024470F2C00D6349C /* google+SignIn.swift */; };
		776A7FC324474BD900D6349C /* regex.swift in Sources */ = {isa = PBXBuildFile; fileRef = 776A7FC224474BD900D6349C /* regex.swift */; };
		77D6AA302449CDFB00E405B1 /* CompanyData.swift in Sources */ = {isa = PBXBuildFile; fileRef = 77D6AA2F2449CDFB00E405B1 /* CompanyData.swift */; };
		77F62C1C24484363007F4A6E /* FAQData.swift in Sources */ = {isa = PBXBuildFile; fileRef = 77F62C1B24484363007F4A6E /* FAQData.swift */; };
/* End PBXBuildFile section */

/* Begin PBXFileReference section */
		1C7A15E74F4A59D355C3A86F /* Pods-VIT Hack.debug.xcconfig */ = {isa = PBXFileReference; includeInIndex = 1; lastKnownFileType = text.xcconfig; name = "Pods-VIT Hack.debug.xcconfig"; path = "Target Support Files/Pods-VIT Hack/Pods-VIT Hack.debug.xcconfig"; sourceTree = "<group>"; };
		5BCAC2D12446F23600C19FEE /* LoginVC.swift */ = {isa = PBXFileReference; lastKnownFileType = sourcecode.swift; path = LoginVC.swift; sourceTree = "<group>"; };
		5BCAC2D32446F24100C19FEE /* SignUpVC.swift */ = {isa = PBXFileReference; lastKnownFileType = sourcecode.swift; path = SignUpVC.swift; sourceTree = "<group>"; };
		5BCAC2D52446F25600C19FEE /* ForgotPasswordVC.swift */ = {isa = PBXFileReference; lastKnownFileType = sourcecode.swift; path = ForgotPasswordVC.swift; sourceTree = "<group>"; };
		5BCAC2D72446F26900C19FEE /* UserFormVC.swift */ = {isa = PBXFileReference; lastKnownFileType = sourcecode.swift; path = UserFormVC.swift; sourceTree = "<group>"; };
		5BCAC2D92446F29F00C19FEE /* CompanyVC.swift */ = {isa = PBXFileReference; lastKnownFileType = sourcecode.swift; path = CompanyVC.swift; sourceTree = "<group>"; };
		5BCAC2DB2446F2AD00C19FEE /* TimelineVC.swift */ = {isa = PBXFileReference; lastKnownFileType = sourcecode.swift; path = TimelineVC.swift; sourceTree = "<group>"; };
		5BCAC2DD2446F2D700C19FEE /* AboutUsVC.swift */ = {isa = PBXFileReference; lastKnownFileType = sourcecode.swift; path = AboutUsVC.swift; sourceTree = "<group>"; };
		5BCAC2DF2446F2F700C19FEE /* Speaker+SponsorVC.swift */ = {isa = PBXFileReference; lastKnownFileType = sourcecode.swift; path = "Speaker+SponsorVC.swift"; sourceTree = "<group>"; };
		5BCAC2E12446F30700C19FEE /* FAQVC.swift */ = {isa = PBXFileReference; lastKnownFileType = sourcecode.swift; path = FAQVC.swift; sourceTree = "<group>"; };
		5BCAC2E32446F31F00C19FEE /* TracksVC.swift */ = {isa = PBXFileReference; lastKnownFileType = sourcecode.swift; path = TracksVC.swift; sourceTree = "<group>"; };
		5BCAC2E52446F32C00C19FEE /* ProfileVC.swift */ = {isa = PBXFileReference; lastKnownFileType = sourcecode.swift; path = ProfileVC.swift; sourceTree = "<group>"; };
		5BCAC2E72446F35000C19FEE /* AskFAQVC.swift */ = {isa = PBXFileReference; lastKnownFileType = sourcecode.swift; path = AskFAQVC.swift; sourceTree = "<group>"; };
		772E408D244873D200276317 /* SponsorData.swift */ = {isa = PBXFileReference; lastKnownFileType = sourcecode.swift; path = SponsorData.swift; sourceTree = "<group>"; };
		7742B9FC24365A3200030DF5 /* VIT Hack.app */ = {isa = PBXFileReference; explicitFileType = wrapper.application; includeInIndex = 0; path = "VIT Hack.app"; sourceTree = BUILT_PRODUCTS_DIR; };
		7742B9FF24365A3200030DF5 /* AppDelegate.swift */ = {isa = PBXFileReference; lastKnownFileType = sourcecode.swift; path = AppDelegate.swift; sourceTree = "<group>"; };
		7742BA0424365A3200030DF5 /* Base */ = {isa = PBXFileReference; lastKnownFileType = file.storyboard; name = Base; path = Base.lproj/Main.storyboard; sourceTree = "<group>"; };
		7742BA0624365A3300030DF5 /* Assets.xcassets */ = {isa = PBXFileReference; lastKnownFileType = folder.assetcatalog; path = Assets.xcassets; sourceTree = "<group>"; };
		7742BA0924365A3300030DF5 /* Base */ = {isa = PBXFileReference; lastKnownFileType = file.storyboard; name = Base; path = Base.lproj/LaunchScreen.storyboard; sourceTree = "<group>"; };
		7742BA0B24365A3300030DF5 /* Info.plist */ = {isa = PBXFileReference; lastKnownFileType = text.plist.xml; path = Info.plist; sourceTree = "<group>"; };
		775B1FE724365F8000E6F221 /* GoogleService-Info.plist */ = {isa = PBXFileReference; fileEncoding = 4; lastKnownFileType = text.plist.xml; path = "GoogleService-Info.plist"; sourceTree = "<group>"; };
		775B1FEB2436601500E6F221 /* Reachability.swift */ = {isa = PBXFileReference; lastKnownFileType = sourcecode.swift; path = Reachability.swift; sourceTree = "<group>"; };
		775B1FED2436604300E6F221 /* statusBarView.swift */ = {isa = PBXFileReference; lastKnownFileType = sourcecode.swift; path = statusBarView.swift; sourceTree = "<group>"; };
		775B1FEF2436607300E6F221 /* constants.swift */ = {isa = PBXFileReference; lastKnownFileType = sourcecode.swift; path = constants.swift; sourceTree = "<group>"; };
		775B1FF22436615D00E6F221 /* FirebaseAuth.swift */ = {isa = PBXFileReference; lastKnownFileType = sourcecode.swift; path = FirebaseAuth.swift; sourceTree = "<group>"; };
		775B1FF42436618200E6F221 /* firebaseSignOut.swift */ = {isa = PBXFileReference; lastKnownFileType = sourcecode.swift; path = firebaseSignOut.swift; sourceTree = "<group>"; };
		775B1FF62436622000E6F221 /* checkNetwork.swift */ = {isa = PBXFileReference; lastKnownFileType = sourcecode.swift; path = checkNetwork.swift; sourceTree = "<group>"; };
		775B1FF82436622D00E6F221 /* haptic+Feedback.swift */ = {isa = PBXFileReference; lastKnownFileType = sourcecode.swift; path = "haptic+Feedback.swift"; sourceTree = "<group>"; };
		775B1FFA2436624100E6F221 /* alert+Function.swift */ = {isa = PBXFileReference; lastKnownFileType = sourcecode.swift; path = "alert+Function.swift"; sourceTree = "<group>"; };
		775B1FFC243662B100E6F221 /* instantiate+ViewController.swift */ = {isa = PBXFileReference; lastKnownFileType = sourcecode.swift; path = "instantiate+ViewController.swift"; sourceTree = "<group>"; };
		775B1FFE2436634900E6F221 /* keyboard+Hide.swift */ = {isa = PBXFileReference; lastKnownFileType = sourcecode.swift; path = "keyboard+Hide.swift"; sourceTree = "<group>"; };
		775B2001243663DA00E6F221 /* firebaseNetworking.swift */ = {isa = PBXFileReference; lastKnownFileType = sourcecode.swift; path = firebaseNetworking.swift; sourceTree = "<group>"; };
		776A7FBE24470A9D00D6349C /* googleSignIn.swift */ = {isa = PBXFileReference; lastKnownFileType = sourcecode.swift; path = googleSignIn.swift; sourceTree = "<group>"; };
		776A7FC024470F2C00D6349C /* google+SignIn.swift */ = {isa = PBXFileReference; lastKnownFileType = sourcecode.swift; path = "google+SignIn.swift"; sourceTree = "<group>"; };
		776A7FC224474BD900D6349C /* regex.swift */ = {isa = PBXFileReference; lastKnownFileType = sourcecode.swift; path = regex.swift; sourceTree = "<group>"; };
		77D6AA2F2449CDFB00E405B1 /* CompanyData.swift */ = {isa = PBXFileReference; lastKnownFileType = sourcecode.swift; path = CompanyData.swift; sourceTree = "<group>"; };
		77F62C1B24484363007F4A6E /* FAQData.swift */ = {isa = PBXFileReference; lastKnownFileType = sourcecode.swift; path = FAQData.swift; sourceTree = "<group>"; };
		C68E46FB1A73B9D9B034A773 /* Pods_VIT_Hack.framework */ = {isa = PBXFileReference; explicitFileType = wrapper.framework; includeInIndex = 0; path = Pods_VIT_Hack.framework; sourceTree = BUILT_PRODUCTS_DIR; };
		F12DB90A886B3457475AA2F5 /* Pods-VIT Hack.release.xcconfig */ = {isa = PBXFileReference; includeInIndex = 1; lastKnownFileType = text.xcconfig; name = "Pods-VIT Hack.release.xcconfig"; path = "Target Support Files/Pods-VIT Hack/Pods-VIT Hack.release.xcconfig"; sourceTree = "<group>"; };
/* End PBXFileReference section */

/* Begin PBXFrameworksBuildPhase section */
		7742B9F924365A3200030DF5 /* Frameworks */ = {
			isa = PBXFrameworksBuildPhase;
			buildActionMask = 2147483647;
			files = (
				1ECEF60533D0D13783AD4B27 /* Pods_VIT_Hack.framework in Frameworks */,
			);
			runOnlyForDeploymentPostprocessing = 0;
		};
/* End PBXFrameworksBuildPhase section */

/* Begin PBXGroup section */
		5BCAC2E92446F35E00C19FEE /* TabBar Controller */ = {
			isa = PBXGroup;
			children = (
				5BCAC2DB2446F2AD00C19FEE /* TimelineVC.swift */,
				5BCAC2DD2446F2D700C19FEE /* AboutUsVC.swift */,
				5BCAC2DF2446F2F700C19FEE /* Speaker+SponsorVC.swift */,
				5BCAC2E12446F30700C19FEE /* FAQVC.swift */,
				5BCAC2E72446F35000C19FEE /* AskFAQVC.swift */,
				5BCAC2E32446F31F00C19FEE /* TracksVC.swift */,
				5BCAC2E52446F32C00C19FEE /* ProfileVC.swift */,
			);
			path = "TabBar Controller";
			sourceTree = "<group>";
		};
		7742B9F324365A3200030DF5 = {
			isa = PBXGroup;
			children = (
				7742B9FE24365A3200030DF5 /* VIT Hack */,
				7742B9FD24365A3200030DF5 /* Products */,
				B277EA640F0D1F77586361B2 /* Pods */,
				F9427AF83B857227D928267F /* Frameworks */,
			);
			sourceTree = "<group>";
		};
		7742B9FD24365A3200030DF5 /* Products */ = {
			isa = PBXGroup;
			children = (
				7742B9FC24365A3200030DF5 /* VIT Hack.app */,
			);
			name = Products;
			sourceTree = "<group>";
		};
		7742B9FE24365A3200030DF5 /* VIT Hack */ = {
			isa = PBXGroup;
			children = (
				775B1FE924365FBD00E6F221 /* Extensions */,
				775B1FF12436613C00E6F221 /* Firebase Auth */,
				775B2000243663BC00E6F221 /* Firebase Data Manager */,
				775B1FE624365F4800E6F221 /* Model */,
				775B1FE124365EE900E6F221 /* View */,
				775B1FE224365EEF00E6F221 /* Controller */,
				775B1FEA24365FDA00E6F221 /* Services */,
				775B1FE324365F0800E6F221 /* Helpers */,
				7742BA0B24365A3300030DF5 /* Info.plist */,
				775B1FE724365F8000E6F221 /* GoogleService-Info.plist */,
			);
			path = "VIT Hack";
			sourceTree = "<group>";
		};
		775B1FE124365EE900E6F221 /* View */ = {
			isa = PBXGroup;
			children = (
				7742BA0324365A3200030DF5 /* Main.storyboard */,
				7742BA0824365A3300030DF5 /* LaunchScreen.storyboard */,
			);
			path = View;
			sourceTree = "<group>";
		};
		775B1FE224365EEF00E6F221 /* Controller */ = {
			isa = PBXGroup;
			children = (
				5BCAC2D12446F23600C19FEE /* LoginVC.swift */,
				5BCAC2D32446F24100C19FEE /* SignUpVC.swift */,
				5BCAC2D52446F25600C19FEE /* ForgotPasswordVC.swift */,
				5BCAC2D72446F26900C19FEE /* UserFormVC.swift */,
				5BCAC2D92446F29F00C19FEE /* CompanyVC.swift */,
				5BCAC2E92446F35E00C19FEE /* TabBar Controller */,
			);
			path = Controller;
			sourceTree = "<group>";
		};
		775B1FE324365F0800E6F221 /* Helpers */ = {
			isa = PBXGroup;
			children = (
				7742B9FF24365A3200030DF5 /* AppDelegate.swift */,
				775B1FEF2436607300E6F221 /* constants.swift */,
				7742BA0624365A3300030DF5 /* Assets.xcassets */,
			);
			path = Helpers;
			sourceTree = "<group>";
		};
		775B1FE624365F4800E6F221 /* Model */ = {
			isa = PBXGroup;
			children = (
				77F62C1B24484363007F4A6E /* FAQData.swift */,
				772E408D244873D200276317 /* SponsorData.swift */,
				77D6AA2F2449CDFB00E405B1 /* CompanyData.swift */,
			);
			path = Model;
			sourceTree = "<group>";
		};
		775B1FE924365FBD00E6F221 /* Extensions */ = {
			isa = PBXGroup;
			children = (
				775B20032436646800E6F221 /* alertNhaptic+Extensions */,
				775B2005243664A100E6F221 /* utils+Extensions */,
			);
			path = Extensions;
			sourceTree = "<group>";
		};
		775B1FEA24365FDA00E6F221 /* Services */ = {
			isa = PBXGroup;
			children = (
				775B1FEB2436601500E6F221 /* Reachability.swift */,
				775B1FED2436604300E6F221 /* statusBarView.swift */,
			);
			path = Services;
			sourceTree = "<group>";
		};
		775B1FF12436613C00E6F221 /* Firebase Auth */ = {
			isa = PBXGroup;
			children = (
				775B1FF22436615D00E6F221 /* FirebaseAuth.swift */,
				775B1FF42436618200E6F221 /* firebaseSignOut.swift */,
				776A7FBE24470A9D00D6349C /* googleSignIn.swift */,
			);
			path = "Firebase Auth";
			sourceTree = "<group>";
		};
		775B2000243663BC00E6F221 /* Firebase Data Manager */ = {
			isa = PBXGroup;
			children = (
				775B2001243663DA00E6F221 /* firebaseNetworking.swift */,
			);
			path = "Firebase Data Manager";
			sourceTree = "<group>";
		};
		775B20032436646800E6F221 /* alertNhaptic+Extensions */ = {
			isa = PBXGroup;
			children = (
				775B1FF82436622D00E6F221 /* haptic+Feedback.swift */,
				775B1FFA2436624100E6F221 /* alert+Function.swift */,
			);
			path = "alertNhaptic+Extensions";
			sourceTree = "<group>";
		};
		775B2005243664A100E6F221 /* utils+Extensions */ = {
			isa = PBXGroup;
			children = (
				775B1FF62436622000E6F221 /* checkNetwork.swift */,
				776A7FC024470F2C00D6349C /* google+SignIn.swift */,
				775B1FFC243662B100E6F221 /* instantiate+ViewController.swift */,
				775B1FFE2436634900E6F221 /* keyboard+Hide.swift */,
				776A7FC224474BD900D6349C /* regex.swift */,
			);
			path = "utils+Extensions";
			sourceTree = "<group>";
		};
		B277EA640F0D1F77586361B2 /* Pods */ = {
			isa = PBXGroup;
			children = (
				1C7A15E74F4A59D355C3A86F /* Pods-VIT Hack.debug.xcconfig */,
				F12DB90A886B3457475AA2F5 /* Pods-VIT Hack.release.xcconfig */,
			);
			path = Pods;
			sourceTree = "<group>";
		};
		F9427AF83B857227D928267F /* Frameworks */ = {
			isa = PBXGroup;
			children = (
				C68E46FB1A73B9D9B034A773 /* Pods_VIT_Hack.framework */,
			);
			name = Frameworks;
			sourceTree = "<group>";
		};
/* End PBXGroup section */

/* Begin PBXNativeTarget section */
		7742B9FB24365A3200030DF5 /* VIT Hack */ = {
			isa = PBXNativeTarget;
			buildConfigurationList = 7742BA0E24365A3300030DF5 /* Build configuration list for PBXNativeTarget "VIT Hack" */;
			buildPhases = (
				2A92D95CFEE404D1703FA9D8 /* [CP] Check Pods Manifest.lock */,
				7742B9F824365A3200030DF5 /* Sources */,
				7742B9F924365A3200030DF5 /* Frameworks */,
				7742B9FA24365A3200030DF5 /* Resources */,
				EA2FA89F6098AA825E1F08AB /* [CP] Embed Pods Frameworks */,
				87FB73BF2E80674DDDE79841 /* [CP] Copy Pods Resources */,
			);
			buildRules = (
			);
			dependencies = (
			);
			name = "VIT Hack";
			productName = "VIT Hack";
			productReference = 7742B9FC24365A3200030DF5 /* VIT Hack.app */;
			productType = "com.apple.product-type.application";
		};
/* End PBXNativeTarget section */

/* Begin PBXProject section */
		7742B9F424365A3200030DF5 /* Project object */ = {
			isa = PBXProject;
			attributes = {
				LastSwiftUpdateCheck = 1010;
				LastUpgradeCheck = 1010;
				ORGANIZATIONNAME = "VIT Hack";
				TargetAttributes = {
					7742B9FB24365A3200030DF5 = {
						CreatedOnToolsVersion = 10.1;
					};
				};
			};
			buildConfigurationList = 7742B9F724365A3200030DF5 /* Build configuration list for PBXProject "VIT Hack" */;
			compatibilityVersion = "Xcode 9.3";
			developmentRegion = en;
			hasScannedForEncodings = 0;
			knownRegions = (
				en,
				Base,
			);
			mainGroup = 7742B9F324365A3200030DF5;
			productRefGroup = 7742B9FD24365A3200030DF5 /* Products */;
			projectDirPath = "";
			projectRoot = "";
			targets = (
				7742B9FB24365A3200030DF5 /* VIT Hack */,
			);
		};
/* End PBXProject section */

/* Begin PBXResourcesBuildPhase section */
		7742B9FA24365A3200030DF5 /* Resources */ = {
			isa = PBXResourcesBuildPhase;
			buildActionMask = 2147483647;
			files = (
				7742BA0A24365A3300030DF5 /* LaunchScreen.storyboard in Resources */,
				775B1FE824365F8000E6F221 /* GoogleService-Info.plist in Resources */,
				7742BA0724365A3300030DF5 /* Assets.xcassets in Resources */,
				7742BA0524365A3200030DF5 /* Main.storyboard in Resources */,
			);
			runOnlyForDeploymentPostprocessing = 0;
		};
/* End PBXResourcesBuildPhase section */

/* Begin PBXShellScriptBuildPhase section */
		2A92D95CFEE404D1703FA9D8 /* [CP] Check Pods Manifest.lock */ = {
			isa = PBXShellScriptBuildPhase;
			buildActionMask = 2147483647;
			files = (
			);
			inputFileListPaths = (
			);
			inputPaths = (
				"${PODS_PODFILE_DIR_PATH}/Podfile.lock",
				"${PODS_ROOT}/Manifest.lock",
			);
			name = "[CP] Check Pods Manifest.lock";
			outputFileListPaths = (
			);
			outputPaths = (
				"$(DERIVED_FILE_DIR)/Pods-VIT Hack-checkManifestLockResult.txt",
			);
			runOnlyForDeploymentPostprocessing = 0;
			shellPath = /bin/sh;
			shellScript = "diff \"${PODS_PODFILE_DIR_PATH}/Podfile.lock\" \"${PODS_ROOT}/Manifest.lock\" > /dev/null\nif [ $? != 0 ] ; then\n    # print error to STDERR\n    echo \"error: The sandbox is not in sync with the Podfile.lock. Run 'pod install' or update your CocoaPods installation.\" >&2\n    exit 1\nfi\n# This output is used by Xcode 'outputs' to avoid re-running this script phase.\necho \"SUCCESS\" > \"${SCRIPT_OUTPUT_FILE_0}\"\n";
			showEnvVarsInLog = 0;
		};
		87FB73BF2E80674DDDE79841 /* [CP] Copy Pods Resources */ = {
			isa = PBXShellScriptBuildPhase;
			buildActionMask = 2147483647;
			files = (
			);
			inputFileListPaths = (
			);
			inputPaths = (
				"${PODS_ROOT}/Target Support Files/Pods-VIT Hack/Pods-VIT Hack-resources.sh",
				"${PODS_ROOT}/GoogleSignIn/Resources/GoogleSignIn.bundle",
			);
			name = "[CP] Copy Pods Resources";
			outputFileListPaths = (
			);
			outputPaths = (
				"${TARGET_BUILD_DIR}/${UNLOCALIZED_RESOURCES_FOLDER_PATH}/GoogleSignIn.bundle",
			);
			runOnlyForDeploymentPostprocessing = 0;
			shellPath = /bin/sh;
			shellScript = "\"${PODS_ROOT}/Target Support Files/Pods-VIT Hack/Pods-VIT Hack-resources.sh\"\n";
			showEnvVarsInLog = 0;
		};
		EA2FA89F6098AA825E1F08AB /* [CP] Embed Pods Frameworks */ = {
			isa = PBXShellScriptBuildPhase;
			buildActionMask = 2147483647;
			files = (
			);
			inputFileListPaths = (
			);
			inputPaths = (
				"${PODS_ROOT}/Target Support Files/Pods-VIT Hack/Pods-VIT Hack-frameworks.sh",
				"${BUILT_PRODUCTS_DIR}/GTMSessionFetcher/GTMSessionFetcher.framework",
				"${BUILT_PRODUCTS_DIR}/GoogleToolboxForMac/GoogleToolboxForMac.framework",
				"${BUILT_PRODUCTS_DIR}/GoogleUtilities/GoogleUtilities.framework",
				"${BUILT_PRODUCTS_DIR}/SwiftyJSON/SwiftyJSON.framework",
				"${BUILT_PRODUCTS_DIR}/leveldb-library/leveldb.framework",
			);
			name = "[CP] Embed Pods Frameworks";
			outputFileListPaths = (
			);
			outputPaths = (
				"${TARGET_BUILD_DIR}/${FRAMEWORKS_FOLDER_PATH}/GTMSessionFetcher.framework",
				"${TARGET_BUILD_DIR}/${FRAMEWORKS_FOLDER_PATH}/GoogleToolboxForMac.framework",
				"${TARGET_BUILD_DIR}/${FRAMEWORKS_FOLDER_PATH}/GoogleUtilities.framework",
				"${TARGET_BUILD_DIR}/${FRAMEWORKS_FOLDER_PATH}/SwiftyJSON.framework",
				"${TARGET_BUILD_DIR}/${FRAMEWORKS_FOLDER_PATH}/leveldb.framework",
			);
			runOnlyForDeploymentPostprocessing = 0;
			shellPath = /bin/sh;
			shellScript = "\"${PODS_ROOT}/Target Support Files/Pods-VIT Hack/Pods-VIT Hack-frameworks.sh\"\n";
			showEnvVarsInLog = 0;
		};
/* End PBXShellScriptBuildPhase section */

/* Begin PBXSourcesBuildPhase section */
		7742B9F824365A3200030DF5 /* Sources */ = {
			isa = PBXSourcesBuildPhase;
			buildActionMask = 2147483647;
			files = (
				775B1FFB2436624100E6F221 /* alert+Function.swift in Sources */,
				775B1FFD243662B100E6F221 /* instantiate+ViewController.swift in Sources */,
				5BCAC2DC2446F2AD00C19FEE /* TimelineVC.swift in Sources */,
				7742BA0024365A3200030DF5 /* AppDelegate.swift in Sources */,
				5BCAC2E62446F32C00C19FEE /* ProfileVC.swift in Sources */,
				5BCAC2DA2446F29F00C19FEE /* CompanyVC.swift in Sources */,
				775B1FF52436618200E6F221 /* firebaseSignOut.swift in Sources */,
				775B2002243663DA00E6F221 /* firebaseNetworking.swift in Sources */,
				5BCAC2D62446F25600C19FEE /* ForgotPasswordVC.swift in Sources */,
				77D6AA302449CDFB00E405B1 /* CompanyData.swift in Sources */,
				77F62C1C24484363007F4A6E /* FAQData.swift in Sources */,
				772E408E244873D200276317 /* SponsorData.swift in Sources */,
				5BCAC2D82446F26900C19FEE /* UserFormVC.swift in Sources */,
				776A7FC124470F2C00D6349C /* google+SignIn.swift in Sources */,
				5BCAC2E42446F31F00C19FEE /* TracksVC.swift in Sources */,
				5BCAC2DE2446F2D700C19FEE /* AboutUsVC.swift in Sources */,
				776A7FC324474BD900D6349C /* regex.swift in Sources */,
				5BCAC2E02446F2F700C19FEE /* Speaker+SponsorVC.swift in Sources */,
				775B1FEE2436604300E6F221 /* statusBarView.swift in Sources */,
				775B1FEC2436601500E6F221 /* Reachability.swift in Sources */,
				5BCAC2D42446F24100C19FEE /* SignUpVC.swift in Sources */,
				5BCAC2E82446F35000C19FEE /* AskFAQVC.swift in Sources */,
				775B1FF72436622000E6F221 /* checkNetwork.swift in Sources */,
				775B1FF32436615D00E6F221 /* FirebaseAuth.swift in Sources */,
				775B1FF02436607300E6F221 /* constants.swift in Sources */,
				775B1FF92436622D00E6F221 /* haptic+Feedback.swift in Sources */,
				5BCAC2E22446F30700C19FEE /* FAQVC.swift in Sources */,
				776A7FBF24470A9D00D6349C /* googleSignIn.swift in Sources */,
				775B1FFF2436634900E6F221 /* keyboard+Hide.swift in Sources */,
				5BCAC2D22446F23600C19FEE /* LoginVC.swift in Sources */,
			);
			runOnlyForDeploymentPostprocessing = 0;
		};
/* End PBXSourcesBuildPhase section */

/* Begin PBXVariantGroup section */
		7742BA0324365A3200030DF5 /* Main.storyboard */ = {
			isa = PBXVariantGroup;
			children = (
				7742BA0424365A3200030DF5 /* Base */,
			);
			name = Main.storyboard;
			sourceTree = "<group>";
		};
		7742BA0824365A3300030DF5 /* LaunchScreen.storyboard */ = {
			isa = PBXVariantGroup;
			children = (
				7742BA0924365A3300030DF5 /* Base */,
			);
			name = LaunchScreen.storyboard;
			sourceTree = "<group>";
		};
/* End PBXVariantGroup section */

/* Begin XCBuildConfiguration section */
		7742BA0C24365A3300030DF5 /* Debug */ = {
			isa = XCBuildConfiguration;
			buildSettings = {
				ALWAYS_SEARCH_USER_PATHS = NO;
				CLANG_ANALYZER_NONNULL = YES;
				CLANG_ANALYZER_NUMBER_OBJECT_CONVERSION = YES_AGGRESSIVE;
				CLANG_CXX_LANGUAGE_STANDARD = "gnu++14";
				CLANG_CXX_LIBRARY = "libc++";
				CLANG_ENABLE_MODULES = YES;
				CLANG_ENABLE_OBJC_ARC = YES;
				CLANG_ENABLE_OBJC_WEAK = YES;
				CLANG_WARN_BLOCK_CAPTURE_AUTORELEASING = YES;
				CLANG_WARN_BOOL_CONVERSION = YES;
				CLANG_WARN_COMMA = YES;
				CLANG_WARN_CONSTANT_CONVERSION = YES;
				CLANG_WARN_DEPRECATED_OBJC_IMPLEMENTATIONS = YES;
				CLANG_WARN_DIRECT_OBJC_ISA_USAGE = YES_ERROR;
				CLANG_WARN_DOCUMENTATION_COMMENTS = YES;
				CLANG_WARN_EMPTY_BODY = YES;
				CLANG_WARN_ENUM_CONVERSION = YES;
				CLANG_WARN_INFINITE_RECURSION = YES;
				CLANG_WARN_INT_CONVERSION = YES;
				CLANG_WARN_NON_LITERAL_NULL_CONVERSION = YES;
				CLANG_WARN_OBJC_IMPLICIT_RETAIN_SELF = YES;
				CLANG_WARN_OBJC_LITERAL_CONVERSION = YES;
				CLANG_WARN_OBJC_ROOT_CLASS = YES_ERROR;
				CLANG_WARN_RANGE_LOOP_ANALYSIS = YES;
				CLANG_WARN_STRICT_PROTOTYPES = YES;
				CLANG_WARN_SUSPICIOUS_MOVE = YES;
				CLANG_WARN_UNGUARDED_AVAILABILITY = YES_AGGRESSIVE;
				CLANG_WARN_UNREACHABLE_CODE = YES;
				CLANG_WARN__DUPLICATE_METHOD_MATCH = YES;
				CODE_SIGN_IDENTITY = "iPhone Developer";
				COPY_PHASE_STRIP = NO;
				DEBUG_INFORMATION_FORMAT = dwarf;
				ENABLE_STRICT_OBJC_MSGSEND = YES;
				ENABLE_TESTABILITY = YES;
				GCC_C_LANGUAGE_STANDARD = gnu11;
				GCC_DYNAMIC_NO_PIC = NO;
				GCC_NO_COMMON_BLOCKS = YES;
				GCC_OPTIMIZATION_LEVEL = 0;
				GCC_PREPROCESSOR_DEFINITIONS = (
					"DEBUG=1",
					"$(inherited)",
				);
				GCC_WARN_64_TO_32_BIT_CONVERSION = YES;
				GCC_WARN_ABOUT_RETURN_TYPE = YES_ERROR;
				GCC_WARN_UNDECLARED_SELECTOR = YES;
				GCC_WARN_UNINITIALIZED_AUTOS = YES_AGGRESSIVE;
				GCC_WARN_UNUSED_FUNCTION = YES;
				GCC_WARN_UNUSED_VARIABLE = YES;
				IPHONEOS_DEPLOYMENT_TARGET = 12.1;
				MTL_ENABLE_DEBUG_INFO = INCLUDE_SOURCE;
				MTL_FAST_MATH = YES;
				ONLY_ACTIVE_ARCH = YES;
				SDKROOT = iphoneos;
				SWIFT_ACTIVE_COMPILATION_CONDITIONS = DEBUG;
				SWIFT_OPTIMIZATION_LEVEL = "-Onone";
			};
			name = Debug;
		};
		7742BA0D24365A3300030DF5 /* Release */ = {
			isa = XCBuildConfiguration;
			buildSettings = {
				ALWAYS_SEARCH_USER_PATHS = NO;
				CLANG_ANALYZER_NONNULL = YES;
				CLANG_ANALYZER_NUMBER_OBJECT_CONVERSION = YES_AGGRESSIVE;
				CLANG_CXX_LANGUAGE_STANDARD = "gnu++14";
				CLANG_CXX_LIBRARY = "libc++";
				CLANG_ENABLE_MODULES = YES;
				CLANG_ENABLE_OBJC_ARC = YES;
				CLANG_ENABLE_OBJC_WEAK = YES;
				CLANG_WARN_BLOCK_CAPTURE_AUTORELEASING = YES;
				CLANG_WARN_BOOL_CONVERSION = YES;
				CLANG_WARN_COMMA = YES;
				CLANG_WARN_CONSTANT_CONVERSION = YES;
				CLANG_WARN_DEPRECATED_OBJC_IMPLEMENTATIONS = YES;
				CLANG_WARN_DIRECT_OBJC_ISA_USAGE = YES_ERROR;
				CLANG_WARN_DOCUMENTATION_COMMENTS = YES;
				CLANG_WARN_EMPTY_BODY = YES;
				CLANG_WARN_ENUM_CONVERSION = YES;
				CLANG_WARN_INFINITE_RECURSION = YES;
				CLANG_WARN_INT_CONVERSION = YES;
				CLANG_WARN_NON_LITERAL_NULL_CONVERSION = YES;
				CLANG_WARN_OBJC_IMPLICIT_RETAIN_SELF = YES;
				CLANG_WARN_OBJC_LITERAL_CONVERSION = YES;
				CLANG_WARN_OBJC_ROOT_CLASS = YES_ERROR;
				CLANG_WARN_RANGE_LOOP_ANALYSIS = YES;
				CLANG_WARN_STRICT_PROTOTYPES = YES;
				CLANG_WARN_SUSPICIOUS_MOVE = YES;
				CLANG_WARN_UNGUARDED_AVAILABILITY = YES_AGGRESSIVE;
				CLANG_WARN_UNREACHABLE_CODE = YES;
				CLANG_WARN__DUPLICATE_METHOD_MATCH = YES;
				CODE_SIGN_IDENTITY = "iPhone Developer";
				COPY_PHASE_STRIP = NO;
				DEBUG_INFORMATION_FORMAT = "dwarf-with-dsym";
				ENABLE_NS_ASSERTIONS = NO;
				ENABLE_STRICT_OBJC_MSGSEND = YES;
				GCC_C_LANGUAGE_STANDARD = gnu11;
				GCC_NO_COMMON_BLOCKS = YES;
				GCC_WARN_64_TO_32_BIT_CONVERSION = YES;
				GCC_WARN_ABOUT_RETURN_TYPE = YES_ERROR;
				GCC_WARN_UNDECLARED_SELECTOR = YES;
				GCC_WARN_UNINITIALIZED_AUTOS = YES_AGGRESSIVE;
				GCC_WARN_UNUSED_FUNCTION = YES;
				GCC_WARN_UNUSED_VARIABLE = YES;
				IPHONEOS_DEPLOYMENT_TARGET = 12.1;
				MTL_ENABLE_DEBUG_INFO = NO;
				MTL_FAST_MATH = YES;
				SDKROOT = iphoneos;
				SWIFT_COMPILATION_MODE = wholemodule;
				SWIFT_OPTIMIZATION_LEVEL = "-O";
				VALIDATE_PRODUCT = YES;
			};
			name = Release;
		};
		7742BA0F24365A3300030DF5 /* Debug */ = {
			isa = XCBuildConfiguration;
			baseConfigurationReference = 1C7A15E74F4A59D355C3A86F /* Pods-VIT Hack.debug.xcconfig */;
			buildSettings = {
				ASSETCATALOG_COMPILER_APPICON_NAME = AppIcon;
				CODE_SIGN_STYLE = Automatic;
				INFOPLIST_FILE = "VIT Hack/Info.plist";
				LD_RUNPATH_SEARCH_PATHS = (
					"$(inherited)",
					"@executable_path/Frameworks",
				);
				PRODUCT_BUNDLE_IDENTIFIER = "com.vithack.VIT-Hack";
				PRODUCT_NAME = "$(TARGET_NAME)";
				SWIFT_VERSION = 4.2;
				TARGETED_DEVICE_FAMILY = 1;
			};
			name = Debug;
		};
		7742BA1024365A3300030DF5 /* Release */ = {
			isa = XCBuildConfiguration;
			baseConfigurationReference = F12DB90A886B3457475AA2F5 /* Pods-VIT Hack.release.xcconfig */;
			buildSettings = {
				ASSETCATALOG_COMPILER_APPICON_NAME = AppIcon;
				CODE_SIGN_STYLE = Automatic;
				INFOPLIST_FILE = "VIT Hack/Info.plist";
				LD_RUNPATH_SEARCH_PATHS = (
					"$(inherited)",
					"@executable_path/Frameworks",
				);
				PRODUCT_BUNDLE_IDENTIFIER = "com.vithack.VIT-Hack";
				PRODUCT_NAME = "$(TARGET_NAME)";
				SWIFT_VERSION = 4.2;
				TARGETED_DEVICE_FAMILY = 1;
			};
			name = Release;
		};
/* End XCBuildConfiguration section */

/* Begin XCConfigurationList section */
		7742B9F724365A3200030DF5 /* Build configuration list for PBXProject "VIT Hack" */ = {
			isa = XCConfigurationList;
			buildConfigurations = (
				7742BA0C24365A3300030DF5 /* Debug */,
				7742BA0D24365A3300030DF5 /* Release */,
			);
			defaultConfigurationIsVisible = 0;
			defaultConfigurationName = Release;
		};
		7742BA0E24365A3300030DF5 /* Build configuration list for PBXNativeTarget "VIT Hack" */ = {
			isa = XCConfigurationList;
			buildConfigurations = (
				7742BA0F24365A3300030DF5 /* Debug */,
				7742BA1024365A3300030DF5 /* Release */,
			);
			defaultConfigurationIsVisible = 0;
			defaultConfigurationName = Release;
		};
/* End XCConfigurationList section */
	};
	rootObject = 7742B9F424365A3200030DF5 /* Project object */;
}
