// !$*UTF8*$!
{
	archiveVersion = 1;
	classes = {
	};
	objectVersion = 51;
	objects = {

/* Begin PBXBuildFile section */
		5B086C3B24BF80FF00D5264C /* Defaults.swift in Sources */ = {isa = PBXBuildFile; fileRef = 5B086C3A24BF80FF00D5264C /* Defaults.swift */; };
		5B086C6224C0188A00D5264C /* OnboardingViewController.swift in Sources */ = {isa = PBXBuildFile; fileRef = 5B086C6124C0188A00D5264C /* OnboardingViewController.swift */; };
		5B086C6624C01D6500D5264C /* OnboardingCell.swift in Sources */ = {isa = PBXBuildFile; fileRef = 5B086C6524C01D6500D5264C /* OnboardingCell.swift */; };
		5B3A06BF24DAF62F00687B1E /* FAQViewController.swift in Sources */ = {isa = PBXBuildFile; fileRef = 5B3A06BE24DAF62F00687B1E /* FAQViewController.swift */; };
		5B3A06C124DAFF8F00687B1E /* FaqCell.swift in Sources */ = {isa = PBXBuildFile; fileRef = 5B3A06C024DAFF8F00687B1E /* FaqCell.swift */; };
		5B3A06C324DB008400687B1E /* QuestionViewController.swift in Sources */ = {isa = PBXBuildFile; fileRef = 5B3A06C224DB008400687B1E /* QuestionViewController.swift */; };
		5B3A06C524DB0E8900687B1E /* ResultsTableViewController.swift in Sources */ = {isa = PBXBuildFile; fileRef = 5B3A06C424DB0E8900687B1E /* ResultsTableViewController.swift */; };
		5B3E9E8A24C321F30038CF05 /* SpeakersCell.swift in Sources */ = {isa = PBXBuildFile; fileRef = 5B3E9E8924C321F30038CF05 /* SpeakersCell.swift */; };
		5B3E9E8C24C3246C0038CF05 /* SpeakersData.swift in Sources */ = {isa = PBXBuildFile; fileRef = 5B3E9E8B24C3246C0038CF05 /* SpeakersData.swift */; };
		5B3E9E8E24C329C10038CF05 /* CollaboratorsCell.swift in Sources */ = {isa = PBXBuildFile; fileRef = 5B3E9E8D24C329C10038CF05 /* CollaboratorsCell.swift */; };
		5B3E9E9024C329CD0038CF05 /* SponsorsCell.swift in Sources */ = {isa = PBXBuildFile; fileRef = 5B3E9E8F24C329CD0038CF05 /* SponsorsCell.swift */; };
		5B44652024C8B46C00E2D47F /* AboutUsData.swift in Sources */ = {isa = PBXBuildFile; fileRef = 5B44651F24C8B46C00E2D47F /* AboutUsData.swift */; };
		5B49B9CF24D2070D00EEF2E8 /* TracksViewController.swift in Sources */ = {isa = PBXBuildFile; fileRef = 5B49B9CE24D2070D00EEF2E8 /* TracksViewController.swift */; };
		5B4AC2AA251709DC00534934 /* ProfileCell.swift in Sources */ = {isa = PBXBuildFile; fileRef = 5B4AC2A9251709DC00534934 /* ProfileCell.swift */; };
		5B4AC2AC2517258300534934 /* Safari.swift in Sources */ = {isa = PBXBuildFile; fileRef = 5B4AC2AB2517258300534934 /* Safari.swift */; };
		5B6F635124D49F08005753AB /* firebaseCloudMessaging.swift in Sources */ = {isa = PBXBuildFile; fileRef = 5B6F635024D49F08005753AB /* firebaseCloudMessaging.swift */; };
		5B79D92624FE0337001E2F8C /* NetworkListener.swift in Sources */ = {isa = PBXBuildFile; fileRef = 5B79D92524FE0337001E2F8C /* NetworkListener.swift */; };
		5B7DC75524C893C6007F1762 /* AboutUsCell.swift in Sources */ = {isa = PBXBuildFile; fileRef = 5B7DC75424C893C6007F1762 /* AboutUsCell.swift */; };
		5B8B1E61251D22E1005C2536 /* Gif.swift in Sources */ = {isa = PBXBuildFile; fileRef = 5B8B1E60251D22E1005C2536 /* Gif.swift */; };
		5B8B1E63251D23A4005C2536 /* LaunchViewController.swift in Sources */ = {isa = PBXBuildFile; fileRef = 5B8B1E62251D23A4005C2536 /* LaunchViewController.swift */; };
		5B8B1E69251D9E86005C2536 /* light.mp4 in Resources */ = {isa = PBXBuildFile; fileRef = 5B8B1E68251D9E86005C2536 /* light.mp4 */; };
		5B8B1E6B251DA527005C2536 /* dark.mp4 in Resources */ = {isa = PBXBuildFile; fileRef = 5B8B1E6A251DA527005C2536 /* dark.mp4 */; };
		5B8F6B3624D1DD6A003D10E2 /* AKCorouselView.swift in Sources */ = {isa = PBXBuildFile; fileRef = 5B8F6B3524D1DD6A003D10E2 /* AKCorouselView.swift */; };
		5B99843325123BDA00EBBA9B /* GoogleService-Info.plist in Resources */ = {isa = PBXBuildFile; fileRef = 5B99843225123BDA00EBBA9B /* GoogleService-Info.plist */; };
		5B9A16A624CF0E70009B5311 /* AppleSignin.swift in Sources */ = {isa = PBXBuildFile; fileRef = 5B9A16A524CF0E70009B5311 /* AppleSignin.swift */; };
		5B9A16A824CF125F009B5311 /* Button.swift in Sources */ = {isa = PBXBuildFile; fileRef = 5B9A16A724CF125F009B5311 /* Button.swift */; };
		5B9F673E24D00566005CBD22 /* Tabbar.swift in Sources */ = {isa = PBXBuildFile; fileRef = 5B9F673D24D00566005CBD22 /* Tabbar.swift */; };
		5BBD886C24BE2C53009E8F8E /* Lato-Italic.ttf in Resources */ = {isa = PBXBuildFile; fileRef = 5BBD886224BE2C50009E8F8E /* Lato-Italic.ttf */; };
		5BBD886D24BE2C53009E8F8E /* Lato-Bold.ttf in Resources */ = {isa = PBXBuildFile; fileRef = 5BBD886324BE2C50009E8F8E /* Lato-Bold.ttf */; };
		5BBD886E24BE2C53009E8F8E /* Lato-Black.ttf in Resources */ = {isa = PBXBuildFile; fileRef = 5BBD886424BE2C51009E8F8E /* Lato-Black.ttf */; };
		5BBD886F24BE2C53009E8F8E /* Lato-BoldItalic.ttf in Resources */ = {isa = PBXBuildFile; fileRef = 5BBD886524BE2C51009E8F8E /* Lato-BoldItalic.ttf */; };
		5BBD887024BE2C53009E8F8E /* Lato-BlackItalic.ttf in Resources */ = {isa = PBXBuildFile; fileRef = 5BBD886624BE2C51009E8F8E /* Lato-BlackItalic.ttf */; };
		5BBD887124BE2C53009E8F8E /* Lato-Regular.ttf in Resources */ = {isa = PBXBuildFile; fileRef = 5BBD886724BE2C52009E8F8E /* Lato-Regular.ttf */; };
		5BBD887224BE2C53009E8F8E /* Lato-Thin.ttf in Resources */ = {isa = PBXBuildFile; fileRef = 5BBD886824BE2C52009E8F8E /* Lato-Thin.ttf */; };
		5BBD887324BE2C53009E8F8E /* Lato-Light.ttf in Resources */ = {isa = PBXBuildFile; fileRef = 5BBD886924BE2C52009E8F8E /* Lato-Light.ttf */; };
		5BBD887424BE2C53009E8F8E /* Lato-LightItalic.ttf in Resources */ = {isa = PBXBuildFile; fileRef = 5BBD886A24BE2C53009E8F8E /* Lato-LightItalic.ttf */; };
		5BBD887524BE2C53009E8F8E /* Lato-ThinItalic.ttf in Resources */ = {isa = PBXBuildFile; fileRef = 5BBD886B24BE2C53009E8F8E /* Lato-ThinItalic.ttf */; };
		5BBD887724BE2DEF009E8F8E /* HomeViewController.swift in Sources */ = {isa = PBXBuildFile; fileRef = 5BBD887624BE2DEF009E8F8E /* HomeViewController.swift */; };
		5BBD887924BE3237009E8F8E /* SignupViewController.swift in Sources */ = {isa = PBXBuildFile; fileRef = 5BBD887824BE3237009E8F8E /* SignupViewController.swift */; };
		5BBD887B24BE33B4009E8F8E /* UserFormViewController.swift in Sources */ = {isa = PBXBuildFile; fileRef = 5BBD887A24BE33B4009E8F8E /* UserFormViewController.swift */; };
		5BBD887D24BE33BE009E8F8E /* PhoneViewController.swift in Sources */ = {isa = PBXBuildFile; fileRef = 5BBD887C24BE33BE009E8F8E /* PhoneViewController.swift */; };
		5BBD887F24BE377F009E8F8E /* LoginViewController.swift in Sources */ = {isa = PBXBuildFile; fileRef = 5BBD887E24BE377E009E8F8E /* LoginViewController.swift */; };
		5BBD888124BE3858009E8F8E /* ForgotPasswordViewController.swift in Sources */ = {isa = PBXBuildFile; fileRef = 5BBD888024BE3858009E8F8E /* ForgotPasswordViewController.swift */; };
		5BBD888324BE3F23009E8F8E /* TimelineViewController.swift in Sources */ = {isa = PBXBuildFile; fileRef = 5BBD888224BE3F23009E8F8E /* TimelineViewController.swift */; };
		5BBD888524BE3F30009E8F8E /* ProfileViewController.swift in Sources */ = {isa = PBXBuildFile; fileRef = 5BBD888424BE3F30009E8F8E /* ProfileViewController.swift */; };
		5BBD888724BE3F3C009E8F8E /* DomainsViewController.swift in Sources */ = {isa = PBXBuildFile; fileRef = 5BBD888624BE3F3C009E8F8E /* DomainsViewController.swift */; };
		5BBD888B24BE3F59009E8F8E /* SpeakersViewController.swift in Sources */ = {isa = PBXBuildFile; fileRef = 5BBD888A24BE3F59009E8F8E /* SpeakersViewController.swift */; };
		5BBD888D24BE3F68009E8F8E /* AboutUsViewController.swift in Sources */ = {isa = PBXBuildFile; fileRef = 5BBD888C24BE3F68009E8F8E /* AboutUsViewController.swift */; };
		5BBD889124BE41B0009E8F8E /* TracksCell.swift in Sources */ = {isa = PBXBuildFile; fileRef = 5BBD889024BE41B0009E8F8E /* TracksCell.swift */; };
		5BBD889324BE41BC009E8F8E /* DomainsCell.swift in Sources */ = {isa = PBXBuildFile; fileRef = 5BBD889224BE41BC009E8F8E /* DomainsCell.swift */; };
		5BBD889524BE41CE009E8F8E /* TimelineCell.swift in Sources */ = {isa = PBXBuildFile; fileRef = 5BBD889424BE41CE009E8F8E /* TimelineCell.swift */; };
		5BBD889724BED509009E8F8E /* Time.swift in Sources */ = {isa = PBXBuildFile; fileRef = 5BBD889624BED509009E8F8E /* Time.swift */; };
		5BDBE2FC244C327F00636CF1 /* UI + Color.swift in Sources */ = {isa = PBXBuildFile; fileRef = 5BDBE2FB244C327F00636CF1 /* UI + Color.swift */; };
		5BE25AED24D1385E00E33FAB /* ViewController.swift in Sources */ = {isa = PBXBuildFile; fileRef = 5BE25AEC24D1385E00E33FAB /* ViewController.swift */; };
		5BE25AEF24D154B700E33FAB /* DomainData.swift in Sources */ = {isa = PBXBuildFile; fileRef = 5BE25AEE24D154B700E33FAB /* DomainData.swift */; };
		5BF310A324C36EC200F3E874 /* Progressbar.swift in Sources */ = {isa = PBXBuildFile; fileRef = 5BF310A224C36EC200F3E874 /* Progressbar.swift */; };
		5BF8920724C97FDF00C3A073 /* Textfield.swift in Sources */ = {isa = PBXBuildFile; fileRef = 5BF8920624C97FDF00C3A073 /* Textfield.swift */; };
		69D520BD2E3391C3A7C8C6AE /* Pods_VIT_Hack.framework in Frameworks */ = {isa = PBXBuildFile; fileRef = 48B47715CE2EB1E218E49F25 /* Pods_VIT_Hack.framework */; };
		772E408E244873D200276317 /* SponsorData.swift in Sources */ = {isa = PBXBuildFile; fileRef = 772E408D244873D200276317 /* SponsorData.swift */; };
		7742BA0024365A3200030DF5 /* AppDelegate.swift in Sources */ = {isa = PBXBuildFile; fileRef = 7742B9FF24365A3200030DF5 /* AppDelegate.swift */; };
		7742BA0524365A3200030DF5 /* Main.storyboard in Resources */ = {isa = PBXBuildFile; fileRef = 7742BA0324365A3200030DF5 /* Main.storyboard */; };
		7742BA0724365A3300030DF5 /* Assets.xcassets in Resources */ = {isa = PBXBuildFile; fileRef = 7742BA0624365A3300030DF5 /* Assets.xcassets */; };
		7742BA0A24365A3300030DF5 /* LaunchScreen.storyboard in Resources */ = {isa = PBXBuildFile; fileRef = 7742BA0824365A3300030DF5 /* LaunchScreen.storyboard */; };
		775B1FEC2436601500E6F221 /* Reachability.swift in Sources */ = {isa = PBXBuildFile; fileRef = 775B1FEB2436601500E6F221 /* Reachability.swift */; };
		775B1FEE2436604300E6F221 /* statusBarView.swift in Sources */ = {isa = PBXBuildFile; fileRef = 775B1FED2436604300E6F221 /* statusBarView.swift */; };
		775B1FF02436607300E6F221 /* constants.swift in Sources */ = {isa = PBXBuildFile; fileRef = 775B1FEF2436607300E6F221 /* constants.swift */; };
		775B1FF32436615D00E6F221 /* FirebaseAuth.swift in Sources */ = {isa = PBXBuildFile; fileRef = 775B1FF22436615D00E6F221 /* FirebaseAuth.swift */; };
		775B1FF52436618200E6F221 /* firebaseSignOut.swift in Sources */ = {isa = PBXBuildFile; fileRef = 775B1FF42436618200E6F221 /* firebaseSignOut.swift */; };
		775B1FF92436622D00E6F221 /* haptic+Feedback.swift in Sources */ = {isa = PBXBuildFile; fileRef = 775B1FF82436622D00E6F221 /* haptic+Feedback.swift */; };
		775B1FFB2436624100E6F221 /* alert+Function.swift in Sources */ = {isa = PBXBuildFile; fileRef = 775B1FFA2436624100E6F221 /* alert+Function.swift */; };
		775B1FFF2436634900E6F221 /* keyboard+Hide.swift in Sources */ = {isa = PBXBuildFile; fileRef = 775B1FFE2436634900E6F221 /* keyboard+Hide.swift */; };
		775B2002243663DA00E6F221 /* firebaseNetworking.swift in Sources */ = {isa = PBXBuildFile; fileRef = 775B2001243663DA00E6F221 /* firebaseNetworking.swift */; };
		776A7FBF24470A9D00D6349C /* googleSignIn.swift in Sources */ = {isa = PBXBuildFile; fileRef = 776A7FBE24470A9D00D6349C /* googleSignIn.swift */; };
		776A7FC324474BD900D6349C /* regex.swift in Sources */ = {isa = PBXBuildFile; fileRef = 776A7FC224474BD900D6349C /* regex.swift */; };
		77D6AA302449CDFB00E405B1 /* CompanyData.swift in Sources */ = {isa = PBXBuildFile; fileRef = 77D6AA2F2449CDFB00E405B1 /* CompanyData.swift */; };
		77D6AA342449EE1500E405B1 /* TimelineData.swift in Sources */ = {isa = PBXBuildFile; fileRef = 77D6AA332449EE1500E405B1 /* TimelineData.swift */; };
		77F62C1C24484363007F4A6E /* FAQData.swift in Sources */ = {isa = PBXBuildFile; fileRef = 77F62C1B24484363007F4A6E /* FAQData.swift */; };
		86BBF89A24C01E3500FE6DBE /* UserModel.swift in Sources */ = {isa = PBXBuildFile; fileRef = 86BBF89924C01E3500FE6DBE /* UserModel.swift */; };
/* End PBXBuildFile section */

/* Begin PBXFileReference section */
		0BF32DC881152432521AC6C4 /* Pods-VIT Hack.release.xcconfig */ = {isa = PBXFileReference; includeInIndex = 1; lastKnownFileType = text.xcconfig; name = "Pods-VIT Hack.release.xcconfig"; path = "Target Support Files/Pods-VIT Hack/Pods-VIT Hack.release.xcconfig"; sourceTree = "<group>"; };
		45E5978713BD489C08E664F2 /* Pods-VIT Hack.debug.xcconfig */ = {isa = PBXFileReference; includeInIndex = 1; lastKnownFileType = text.xcconfig; name = "Pods-VIT Hack.debug.xcconfig"; path = "Target Support Files/Pods-VIT Hack/Pods-VIT Hack.debug.xcconfig"; sourceTree = "<group>"; };
		48B47715CE2EB1E218E49F25 /* Pods_VIT_Hack.framework */ = {isa = PBXFileReference; explicitFileType = wrapper.framework; includeInIndex = 0; path = Pods_VIT_Hack.framework; sourceTree = BUILT_PRODUCTS_DIR; };
		5B086C3A24BF80FF00D5264C /* Defaults.swift */ = {isa = PBXFileReference; lastKnownFileType = sourcecode.swift; path = Defaults.swift; sourceTree = "<group>"; };
		5B086C6124C0188A00D5264C /* OnboardingViewController.swift */ = {isa = PBXFileReference; lastKnownFileType = sourcecode.swift; path = OnboardingViewController.swift; sourceTree = "<group>"; };
		5B086C6524C01D6500D5264C /* OnboardingCell.swift */ = {isa = PBXFileReference; lastKnownFileType = sourcecode.swift; path = OnboardingCell.swift; sourceTree = "<group>"; };
		5B3A06BE24DAF62F00687B1E /* FAQViewController.swift */ = {isa = PBXFileReference; lastKnownFileType = sourcecode.swift; path = FAQViewController.swift; sourceTree = "<group>"; };
		5B3A06C024DAFF8F00687B1E /* FaqCell.swift */ = {isa = PBXFileReference; lastKnownFileType = sourcecode.swift; path = FaqCell.swift; sourceTree = "<group>"; };
		5B3A06C224DB008400687B1E /* QuestionViewController.swift */ = {isa = PBXFileReference; lastKnownFileType = sourcecode.swift; path = QuestionViewController.swift; sourceTree = "<group>"; };
		5B3A06C424DB0E8900687B1E /* ResultsTableViewController.swift */ = {isa = PBXFileReference; lastKnownFileType = sourcecode.swift; path = ResultsTableViewController.swift; sourceTree = "<group>"; };
		5B3E9E8924C321F30038CF05 /* SpeakersCell.swift */ = {isa = PBXFileReference; lastKnownFileType = sourcecode.swift; path = SpeakersCell.swift; sourceTree = "<group>"; };
		5B3E9E8B24C3246C0038CF05 /* SpeakersData.swift */ = {isa = PBXFileReference; lastKnownFileType = sourcecode.swift; path = SpeakersData.swift; sourceTree = "<group>"; };
		5B3E9E8D24C329C10038CF05 /* CollaboratorsCell.swift */ = {isa = PBXFileReference; lastKnownFileType = sourcecode.swift; path = CollaboratorsCell.swift; sourceTree = "<group>"; };
		5B3E9E8F24C329CD0038CF05 /* SponsorsCell.swift */ = {isa = PBXFileReference; lastKnownFileType = sourcecode.swift; path = SponsorsCell.swift; sourceTree = "<group>"; };
		5B44651F24C8B46C00E2D47F /* AboutUsData.swift */ = {isa = PBXFileReference; lastKnownFileType = sourcecode.swift; path = AboutUsData.swift; sourceTree = "<group>"; };
		5B49B9CE24D2070D00EEF2E8 /* TracksViewController.swift */ = {isa = PBXFileReference; lastKnownFileType = sourcecode.swift; path = TracksViewController.swift; sourceTree = "<group>"; };
		5B4AC2A9251709DC00534934 /* ProfileCell.swift */ = {isa = PBXFileReference; lastKnownFileType = sourcecode.swift; path = ProfileCell.swift; sourceTree = "<group>"; };
		5B4AC2AB2517258300534934 /* Safari.swift */ = {isa = PBXFileReference; lastKnownFileType = sourcecode.swift; path = Safari.swift; sourceTree = "<group>"; };
		5B6F635024D49F08005753AB /* firebaseCloudMessaging.swift */ = {isa = PBXFileReference; lastKnownFileType = sourcecode.swift; path = firebaseCloudMessaging.swift; sourceTree = "<group>"; };
		5B79D92524FE0337001E2F8C /* NetworkListener.swift */ = {isa = PBXFileReference; lastKnownFileType = sourcecode.swift; path = NetworkListener.swift; sourceTree = "<group>"; };
		5B7DC75424C893C6007F1762 /* AboutUsCell.swift */ = {isa = PBXFileReference; lastKnownFileType = sourcecode.swift; path = AboutUsCell.swift; sourceTree = "<group>"; };
		5B8B1E60251D22E1005C2536 /* Gif.swift */ = {isa = PBXFileReference; lastKnownFileType = sourcecode.swift; path = Gif.swift; sourceTree = "<group>"; };
		5B8B1E62251D23A4005C2536 /* LaunchViewController.swift */ = {isa = PBXFileReference; lastKnownFileType = sourcecode.swift; path = LaunchViewController.swift; sourceTree = "<group>"; };
		5B8B1E68251D9E86005C2536 /* light.mp4 */ = {isa = PBXFileReference; lastKnownFileType = file; name = light.mp4; path = ../../light.mp4; sourceTree = "<group>"; };
		5B8B1E6A251DA527005C2536 /* dark.mp4 */ = {isa = PBXFileReference; lastKnownFileType = file; name = dark.mp4; path = ../../dark.mp4; sourceTree = "<group>"; };
		5B8F6B3524D1DD6A003D10E2 /* AKCorouselView.swift */ = {isa = PBXFileReference; lastKnownFileType = sourcecode.swift; path = AKCorouselView.swift; sourceTree = "<group>"; };
		5B99843225123BDA00EBBA9B /* GoogleService-Info.plist */ = {isa = PBXFileReference; fileEncoding = 4; lastKnownFileType = text.plist.xml; path = "GoogleService-Info.plist"; sourceTree = "<group>"; };
		5B9A16A524CF0E70009B5311 /* AppleSignin.swift */ = {isa = PBXFileReference; lastKnownFileType = sourcecode.swift; path = AppleSignin.swift; sourceTree = "<group>"; };
		5B9A16A724CF125F009B5311 /* Button.swift */ = {isa = PBXFileReference; lastKnownFileType = sourcecode.swift; path = Button.swift; sourceTree = "<group>"; };
		5B9F673D24D00566005CBD22 /* Tabbar.swift */ = {isa = PBXFileReference; lastKnownFileType = sourcecode.swift; path = Tabbar.swift; sourceTree = "<group>"; };
		5BBD886224BE2C50009E8F8E /* Lato-Italic.ttf */ = {isa = PBXFileReference; lastKnownFileType = file; path = "Lato-Italic.ttf"; sourceTree = "<group>"; };
		5BBD886324BE2C50009E8F8E /* Lato-Bold.ttf */ = {isa = PBXFileReference; lastKnownFileType = file; path = "Lato-Bold.ttf"; sourceTree = "<group>"; };
		5BBD886424BE2C51009E8F8E /* Lato-Black.ttf */ = {isa = PBXFileReference; lastKnownFileType = file; path = "Lato-Black.ttf"; sourceTree = "<group>"; };
		5BBD886524BE2C51009E8F8E /* Lato-BoldItalic.ttf */ = {isa = PBXFileReference; lastKnownFileType = file; path = "Lato-BoldItalic.ttf"; sourceTree = "<group>"; };
		5BBD886624BE2C51009E8F8E /* Lato-BlackItalic.ttf */ = {isa = PBXFileReference; lastKnownFileType = file; path = "Lato-BlackItalic.ttf"; sourceTree = "<group>"; };
		5BBD886724BE2C52009E8F8E /* Lato-Regular.ttf */ = {isa = PBXFileReference; lastKnownFileType = file; path = "Lato-Regular.ttf"; sourceTree = "<group>"; };
		5BBD886824BE2C52009E8F8E /* Lato-Thin.ttf */ = {isa = PBXFileReference; lastKnownFileType = file; path = "Lato-Thin.ttf"; sourceTree = "<group>"; };
		5BBD886924BE2C52009E8F8E /* Lato-Light.ttf */ = {isa = PBXFileReference; lastKnownFileType = file; path = "Lato-Light.ttf"; sourceTree = "<group>"; };
		5BBD886A24BE2C53009E8F8E /* Lato-LightItalic.ttf */ = {isa = PBXFileReference; lastKnownFileType = file; path = "Lato-LightItalic.ttf"; sourceTree = "<group>"; };
		5BBD886B24BE2C53009E8F8E /* Lato-ThinItalic.ttf */ = {isa = PBXFileReference; lastKnownFileType = file; path = "Lato-ThinItalic.ttf"; sourceTree = "<group>"; };
		5BBD887624BE2DEF009E8F8E /* HomeViewController.swift */ = {isa = PBXFileReference; lastKnownFileType = sourcecode.swift; path = HomeViewController.swift; sourceTree = "<group>"; };
		5BBD887824BE3237009E8F8E /* SignupViewController.swift */ = {isa = PBXFileReference; lastKnownFileType = sourcecode.swift; path = SignupViewController.swift; sourceTree = "<group>"; };
		5BBD887A24BE33B4009E8F8E /* UserFormViewController.swift */ = {isa = PBXFileReference; lastKnownFileType = sourcecode.swift; path = UserFormViewController.swift; sourceTree = "<group>"; };
		5BBD887C24BE33BE009E8F8E /* PhoneViewController.swift */ = {isa = PBXFileReference; lastKnownFileType = sourcecode.swift; path = PhoneViewController.swift; sourceTree = "<group>"; };
		5BBD887E24BE377E009E8F8E /* LoginViewController.swift */ = {isa = PBXFileReference; lastKnownFileType = sourcecode.swift; path = LoginViewController.swift; sourceTree = "<group>"; };
		5BBD888024BE3858009E8F8E /* ForgotPasswordViewController.swift */ = {isa = PBXFileReference; lastKnownFileType = sourcecode.swift; path = ForgotPasswordViewController.swift; sourceTree = "<group>"; };
		5BBD888224BE3F23009E8F8E /* TimelineViewController.swift */ = {isa = PBXFileReference; lastKnownFileType = sourcecode.swift; path = TimelineViewController.swift; sourceTree = "<group>"; };
		5BBD888424BE3F30009E8F8E /* ProfileViewController.swift */ = {isa = PBXFileReference; lastKnownFileType = sourcecode.swift; path = ProfileViewController.swift; sourceTree = "<group>"; };
		5BBD888624BE3F3C009E8F8E /* DomainsViewController.swift */ = {isa = PBXFileReference; lastKnownFileType = sourcecode.swift; path = DomainsViewController.swift; sourceTree = "<group>"; };
		5BBD888A24BE3F59009E8F8E /* SpeakersViewController.swift */ = {isa = PBXFileReference; lastKnownFileType = sourcecode.swift; path = SpeakersViewController.swift; sourceTree = "<group>"; };
		5BBD888C24BE3F68009E8F8E /* AboutUsViewController.swift */ = {isa = PBXFileReference; lastKnownFileType = sourcecode.swift; path = AboutUsViewController.swift; sourceTree = "<group>"; };
		5BBD889024BE41B0009E8F8E /* TracksCell.swift */ = {isa = PBXFileReference; lastKnownFileType = sourcecode.swift; path = TracksCell.swift; sourceTree = "<group>"; };
		5BBD889224BE41BC009E8F8E /* DomainsCell.swift */ = {isa = PBXFileReference; lastKnownFileType = sourcecode.swift; path = DomainsCell.swift; sourceTree = "<group>"; };
		5BBD889424BE41CE009E8F8E /* TimelineCell.swift */ = {isa = PBXFileReference; lastKnownFileType = sourcecode.swift; path = TimelineCell.swift; sourceTree = "<group>"; };
		5BBD889624BED509009E8F8E /* Time.swift */ = {isa = PBXFileReference; lastKnownFileType = sourcecode.swift; path = Time.swift; sourceTree = "<group>"; };
		5BDBE2FB244C327F00636CF1 /* UI + Color.swift */ = {isa = PBXFileReference; lastKnownFileType = sourcecode.swift; path = "UI + Color.swift"; sourceTree = "<group>"; };
		5BE25AEC24D1385E00E33FAB /* ViewController.swift */ = {isa = PBXFileReference; lastKnownFileType = sourcecode.swift; path = ViewController.swift; sourceTree = "<group>"; };
		5BE25AEE24D154B700E33FAB /* DomainData.swift */ = {isa = PBXFileReference; lastKnownFileType = sourcecode.swift; path = DomainData.swift; sourceTree = "<group>"; };
		5BF310A224C36EC200F3E874 /* Progressbar.swift */ = {isa = PBXFileReference; lastKnownFileType = sourcecode.swift; path = Progressbar.swift; sourceTree = "<group>"; };
		5BF8920624C97FDF00C3A073 /* Textfield.swift */ = {isa = PBXFileReference; lastKnownFileType = sourcecode.swift; path = Textfield.swift; sourceTree = "<group>"; };
		772E408D244873D200276317 /* SponsorData.swift */ = {isa = PBXFileReference; lastKnownFileType = sourcecode.swift; path = SponsorData.swift; sourceTree = "<group>"; };
		7742B9FC24365A3200030DF5 /* VIT Hack.app */ = {isa = PBXFileReference; explicitFileType = wrapper.application; includeInIndex = 0; path = "VIT Hack.app"; sourceTree = BUILT_PRODUCTS_DIR; };
		7742B9FF24365A3200030DF5 /* AppDelegate.swift */ = {isa = PBXFileReference; lastKnownFileType = sourcecode.swift; path = AppDelegate.swift; sourceTree = "<group>"; };
		7742BA0424365A3200030DF5 /* Base */ = {isa = PBXFileReference; lastKnownFileType = file.storyboard; name = Base; path = Base.lproj/Main.storyboard; sourceTree = "<group>"; };
		7742BA0624365A3300030DF5 /* Assets.xcassets */ = {isa = PBXFileReference; lastKnownFileType = folder.assetcatalog; path = Assets.xcassets; sourceTree = "<group>"; };
		7742BA0924365A3300030DF5 /* Base */ = {isa = PBXFileReference; lastKnownFileType = file.storyboard; name = Base; path = Base.lproj/LaunchScreen.storyboard; sourceTree = "<group>"; };
		7742BA0B24365A3300030DF5 /* Info.plist */ = {isa = PBXFileReference; lastKnownFileType = text.plist.xml; path = Info.plist; sourceTree = "<group>"; };
		775B1FEB2436601500E6F221 /* Reachability.swift */ = {isa = PBXFileReference; lastKnownFileType = sourcecode.swift; path = Reachability.swift; sourceTree = "<group>"; };
		775B1FED2436604300E6F221 /* statusBarView.swift */ = {isa = PBXFileReference; lastKnownFileType = sourcecode.swift; path = statusBarView.swift; sourceTree = "<group>"; };
		775B1FEF2436607300E6F221 /* constants.swift */ = {isa = PBXFileReference; lastKnownFileType = sourcecode.swift; path = constants.swift; sourceTree = "<group>"; };
		775B1FF22436615D00E6F221 /* FirebaseAuth.swift */ = {isa = PBXFileReference; lastKnownFileType = sourcecode.swift; path = FirebaseAuth.swift; sourceTree = "<group>"; };
		775B1FF42436618200E6F221 /* firebaseSignOut.swift */ = {isa = PBXFileReference; lastKnownFileType = sourcecode.swift; path = firebaseSignOut.swift; sourceTree = "<group>"; };
		775B1FF82436622D00E6F221 /* haptic+Feedback.swift */ = {isa = PBXFileReference; lastKnownFileType = sourcecode.swift; path = "haptic+Feedback.swift"; sourceTree = "<group>"; };
		775B1FFA2436624100E6F221 /* alert+Function.swift */ = {isa = PBXFileReference; lastKnownFileType = sourcecode.swift; path = "alert+Function.swift"; sourceTree = "<group>"; };
		775B1FFE2436634900E6F221 /* keyboard+Hide.swift */ = {isa = PBXFileReference; lastKnownFileType = sourcecode.swift; path = "keyboard+Hide.swift"; sourceTree = "<group>"; };
		775B2001243663DA00E6F221 /* firebaseNetworking.swift */ = {isa = PBXFileReference; lastKnownFileType = sourcecode.swift; path = firebaseNetworking.swift; sourceTree = "<group>"; };
		776A7FBE24470A9D00D6349C /* googleSignIn.swift */ = {isa = PBXFileReference; lastKnownFileType = sourcecode.swift; path = googleSignIn.swift; sourceTree = "<group>"; };
		776A7FC224474BD900D6349C /* regex.swift */ = {isa = PBXFileReference; lastKnownFileType = sourcecode.swift; path = regex.swift; sourceTree = "<group>"; };
		77D6AA2F2449CDFB00E405B1 /* CompanyData.swift */ = {isa = PBXFileReference; lastKnownFileType = sourcecode.swift; path = CompanyData.swift; sourceTree = "<group>"; };
		77D6AA332449EE1500E405B1 /* TimelineData.swift */ = {isa = PBXFileReference; lastKnownFileType = sourcecode.swift; path = TimelineData.swift; sourceTree = "<group>"; };
		77F62C1B24484363007F4A6E /* FAQData.swift */ = {isa = PBXFileReference; lastKnownFileType = sourcecode.swift; path = FAQData.swift; sourceTree = "<group>"; };
		86BBF89924C01E3500FE6DBE /* UserModel.swift */ = {isa = PBXFileReference; lastKnownFileType = sourcecode.swift; path = UserModel.swift; sourceTree = "<group>"; };
/* End PBXFileReference section */

/* Begin PBXFrameworksBuildPhase section */
		7742B9F924365A3200030DF5 /* Frameworks */ = {
			isa = PBXFrameworksBuildPhase;
			buildActionMask = 2147483647;
			files = (
				69D520BD2E3391C3A7C8C6AE /* Pods_VIT_Hack.framework in Frameworks */,
			);
			runOnlyForDeploymentPostprocessing = 0;
		};
/* End PBXFrameworksBuildPhase section */

/* Begin PBXGroup section */
		5B086C6324C0188F00D5264C /* Login */ = {
			isa = PBXGroup;
			children = (
				5BBD887624BE2DEF009E8F8E /* HomeViewController.swift */,
				5BBD887824BE3237009E8F8E /* SignupViewController.swift */,
				5BBD887A24BE33B4009E8F8E /* UserFormViewController.swift */,
				5BBD887C24BE33BE009E8F8E /* PhoneViewController.swift */,
				5BBD887E24BE377E009E8F8E /* LoginViewController.swift */,
				5BBD888024BE3858009E8F8E /* ForgotPasswordViewController.swift */,
				5B086C6124C0188A00D5264C /* OnboardingViewController.swift */,
			);
			path = Login;
			sourceTree = "<group>";
		};
		5B086C6424C0189700D5264C /* Main */ = {
			isa = PBXGroup;
			children = (
				5BBD888224BE3F23009E8F8E /* TimelineViewController.swift */,
				5BBD888424BE3F30009E8F8E /* ProfileViewController.swift */,
				5BBD888624BE3F3C009E8F8E /* DomainsViewController.swift */,
				5BBD888A24BE3F59009E8F8E /* SpeakersViewController.swift */,
				5BBD888C24BE3F68009E8F8E /* AboutUsViewController.swift */,
				5B9F673D24D00566005CBD22 /* Tabbar.swift */,
				5B49B9CE24D2070D00EEF2E8 /* TracksViewController.swift */,
				5B3A06BE24DAF62F00687B1E /* FAQViewController.swift */,
				5B3A06C224DB008400687B1E /* QuestionViewController.swift */,
				5B3A06C424DB0E8900687B1E /* ResultsTableViewController.swift */,
			);
			path = Main;
			sourceTree = "<group>";
		};
		5B3E9E9124C329D20038CF05 /* Sponsors */ = {
			isa = PBXGroup;
			children = (
				5B3E9E8924C321F30038CF05 /* SpeakersCell.swift */,
				5B3E9E8D24C329C10038CF05 /* CollaboratorsCell.swift */,
				5B3E9E8F24C329CD0038CF05 /* SponsorsCell.swift */,
			);
			path = Sponsors;
			sourceTree = "<group>";
		};
		5B8F6B3724D1F083003D10E2 /* Cells */ = {
			isa = PBXGroup;
			children = (
				5B3E9E9124C329D20038CF05 /* Sponsors */,
				5B7DC75424C893C6007F1762 /* AboutUsCell.swift */,
				5BBD889024BE41B0009E8F8E /* TracksCell.swift */,
				5BBD889224BE41BC009E8F8E /* DomainsCell.swift */,
				5BBD889424BE41CE009E8F8E /* TimelineCell.swift */,
				5B086C6524C01D6500D5264C /* OnboardingCell.swift */,
				5B3A06C024DAFF8F00687B1E /* FaqCell.swift */,
				5B4AC2A9251709DC00534934 /* ProfileCell.swift */,
			);
			path = Cells;
			sourceTree = "<group>";
		};
		5BBD886124BE2C35009E8F8E /* Fonts */ = {
			isa = PBXGroup;
			children = (
				5BBD886424BE2C51009E8F8E /* Lato-Black.ttf */,
				5BBD886624BE2C51009E8F8E /* Lato-BlackItalic.ttf */,
				5BBD886324BE2C50009E8F8E /* Lato-Bold.ttf */,
				5BBD886524BE2C51009E8F8E /* Lato-BoldItalic.ttf */,
				5BBD886224BE2C50009E8F8E /* Lato-Italic.ttf */,
				5BBD886924BE2C52009E8F8E /* Lato-Light.ttf */,
				5BBD886A24BE2C53009E8F8E /* Lato-LightItalic.ttf */,
				5BBD886724BE2C52009E8F8E /* Lato-Regular.ttf */,
				5BBD886824BE2C52009E8F8E /* Lato-Thin.ttf */,
				5BBD886B24BE2C53009E8F8E /* Lato-ThinItalic.ttf */,
			);
			path = Fonts;
			sourceTree = "<group>";
		};
		7742B9F324365A3200030DF5 = {
			isa = PBXGroup;
			children = (
				7742B9FE24365A3200030DF5 /* VIT Hack */,
				5BBD886124BE2C35009E8F8E /* Fonts */,
				7742B9FD24365A3200030DF5 /* Products */,
				B277EA640F0D1F77586361B2 /* Pods */,
				C633AF9E323779D0C290EC1F /* Frameworks */,
			);
			sourceTree = "<group>";
		};
		7742B9FD24365A3200030DF5 /* Products */ = {
			isa = PBXGroup;
			children = (
				7742B9FC24365A3200030DF5 /* VIT Hack.app */,
			);
			name = Products;
			sourceTree = "<group>";
		};
		7742B9FE24365A3200030DF5 /* VIT Hack */ = {
			isa = PBXGroup;
			children = (
				5B8B1E68251D9E86005C2536 /* light.mp4 */,
				5B8B1E6A251DA527005C2536 /* dark.mp4 */,
				775B1FE924365FBD00E6F221 /* Extensions */,
				775B1FF12436613C00E6F221 /* Firebase Auth */,
				775B2000243663BC00E6F221 /* Firebase Data Manager */,
				775B1FE624365F4800E6F221 /* Model */,
				775B1FE124365EE900E6F221 /* View */,
				775B1FE224365EEF00E6F221 /* Controller */,
				775B1FEA24365FDA00E6F221 /* Services */,
				775B1FE324365F0800E6F221 /* Helpers */,
				7742BA0B24365A3300030DF5 /* Info.plist */,
				5B99843225123BDA00EBBA9B /* GoogleService-Info.plist */,
			);
			path = "VIT Hack";
			sourceTree = "<group>";
		};
		775B1FE124365EE900E6F221 /* View */ = {
			isa = PBXGroup;
			children = (
				5B8F6B3724D1F083003D10E2 /* Cells */,
				7742BA0324365A3200030DF5 /* Main.storyboard */,
				7742BA0824365A3300030DF5 /* LaunchScreen.storyboard */,
				5BF310A224C36EC200F3E874 /* Progressbar.swift */,
				5B8F6B3524D1DD6A003D10E2 /* AKCorouselView.swift */,
			);
			path = View;
			sourceTree = "<group>";
		};
		775B1FE224365EEF00E6F221 /* Controller */ = {
			isa = PBXGroup;
			children = (
				5B086C6424C0189700D5264C /* Main */,
				5B086C6324C0188F00D5264C /* Login */,
				5B8B1E62251D23A4005C2536 /* LaunchViewController.swift */,
			);
			path = Controller;
			sourceTree = "<group>";
		};
		775B1FE324365F0800E6F221 /* Helpers */ = {
			isa = PBXGroup;
			children = (
				7742B9FF24365A3200030DF5 /* AppDelegate.swift */,
				775B1FEF2436607300E6F221 /* constants.swift */,
				7742BA0624365A3300030DF5 /* Assets.xcassets */,
			);
			path = Helpers;
			sourceTree = "<group>";
		};
		775B1FE624365F4800E6F221 /* Model */ = {
			isa = PBXGroup;
			children = (
				77F62C1B24484363007F4A6E /* FAQData.swift */,
				86BBF89924C01E3500FE6DBE /* UserModel.swift */,
				772E408D244873D200276317 /* SponsorData.swift */,
				77D6AA2F2449CDFB00E405B1 /* CompanyData.swift */,
				77D6AA332449EE1500E405B1 /* TimelineData.swift */,
				5B086C3A24BF80FF00D5264C /* Defaults.swift */,
				5B3E9E8B24C3246C0038CF05 /* SpeakersData.swift */,
				5B44651F24C8B46C00E2D47F /* AboutUsData.swift */,
				5BE25AEE24D154B700E33FAB /* DomainData.swift */,
			);
			path = Model;
			sourceTree = "<group>";
		};
		775B1FE924365FBD00E6F221 /* Extensions */ = {
			isa = PBXGroup;
			children = (
				775B20032436646800E6F221 /* alertNhaptic+Extensions */,
				775B2005243664A100E6F221 /* utils+Extensions */,
			);
			path = Extensions;
			sourceTree = "<group>";
		};
		775B1FEA24365FDA00E6F221 /* Services */ = {
			isa = PBXGroup;
			children = (
				775B1FEB2436601500E6F221 /* Reachability.swift */,
				775B1FED2436604300E6F221 /* statusBarView.swift */,
				5B79D92524FE0337001E2F8C /* NetworkListener.swift */,
			);
			path = Services;
			sourceTree = "<group>";
		};
		775B1FF12436613C00E6F221 /* Firebase Auth */ = {
			isa = PBXGroup;
			children = (
				775B1FF22436615D00E6F221 /* FirebaseAuth.swift */,
				775B1FF42436618200E6F221 /* firebaseSignOut.swift */,
				776A7FBE24470A9D00D6349C /* googleSignIn.swift */,
				5B9A16A524CF0E70009B5311 /* AppleSignin.swift */,
			);
			path = "Firebase Auth";
			sourceTree = "<group>";
		};
		775B2000243663BC00E6F221 /* Firebase Data Manager */ = {
			isa = PBXGroup;
			children = (
				775B2001243663DA00E6F221 /* firebaseNetworking.swift */,
				5B6F635024D49F08005753AB /* firebaseCloudMessaging.swift */,
			);
			path = "Firebase Data Manager";
			sourceTree = "<group>";
		};
		775B20032436646800E6F221 /* alertNhaptic+Extensions */ = {
			isa = PBXGroup;
			children = (
				775B1FF82436622D00E6F221 /* haptic+Feedback.swift */,
				775B1FFA2436624100E6F221 /* alert+Function.swift */,
			);
			path = "alertNhaptic+Extensions";
			sourceTree = "<group>";
		};
		775B2005243664A100E6F221 /* utils+Extensions */ = {
			isa = PBXGroup;
			children = (
				775B1FFE2436634900E6F221 /* keyboard+Hide.swift */,
				776A7FC224474BD900D6349C /* regex.swift */,
				5BDBE2FB244C327F00636CF1 /* UI + Color.swift */,
				5BBD889624BED509009E8F8E /* Time.swift */,
				5BF8920624C97FDF00C3A073 /* Textfield.swift */,
				5B9A16A724CF125F009B5311 /* Button.swift */,
				5BE25AEC24D1385E00E33FAB /* ViewController.swift */,
				5B4AC2AB2517258300534934 /* Safari.swift */,
				5B8B1E60251D22E1005C2536 /* Gif.swift */,
			);
			path = "utils+Extensions";
			sourceTree = "<group>";
		};
		B277EA640F0D1F77586361B2 /* Pods */ = {
			isa = PBXGroup;
			children = (
				45E5978713BD489C08E664F2 /* Pods-VIT Hack.debug.xcconfig */,
				0BF32DC881152432521AC6C4 /* Pods-VIT Hack.release.xcconfig */,
			);
			path = Pods;
			sourceTree = "<group>";
		};
		C633AF9E323779D0C290EC1F /* Frameworks */ = {
			isa = PBXGroup;
			children = (
				48B47715CE2EB1E218E49F25 /* Pods_VIT_Hack.framework */,
			);
			name = Frameworks;
			sourceTree = "<group>";
		};
/* End PBXGroup section */

/* Begin PBXNativeTarget section */
		7742B9FB24365A3200030DF5 /* VIT Hack */ = {
			isa = PBXNativeTarget;
			buildConfigurationList = 7742BA0E24365A3300030DF5 /* Build configuration list for PBXNativeTarget "VIT Hack" */;
			buildPhases = (
				82CC132E3CBFA70A55A8B5E7 /* [CP] Check Pods Manifest.lock */,
				7742B9F824365A3200030DF5 /* Sources */,
				7742B9F924365A3200030DF5 /* Frameworks */,
				7742B9FA24365A3200030DF5 /* Resources */,
				1085B949BAEF5D84D051F0C6 /* [CP] Embed Pods Frameworks */,
				F0E67CE60C407D0A6C1C2D99 /* [CP] Copy Pods Resources */,
			);
			buildRules = (
			);
			dependencies = (
			);
			name = "VIT Hack";
			productName = "VIT Hack";
			productReference = 7742B9FC24365A3200030DF5 /* VIT Hack.app */;
			productType = "com.apple.product-type.application";
		};
/* End PBXNativeTarget section */

/* Begin PBXProject section */
		7742B9F424365A3200030DF5 /* Project object */ = {
			isa = PBXProject;
			attributes = {
				LastSwiftUpdateCheck = 1010;
				LastUpgradeCheck = 1010;
				ORGANIZATIONNAME = "VIT Hack";
				TargetAttributes = {
					7742B9FB24365A3200030DF5 = {
						CreatedOnToolsVersion = 10.1;
						LastSwiftMigration = 1170;
					};
				};
			};
			buildConfigurationList = 7742B9F724365A3200030DF5 /* Build configuration list for PBXProject "VIT Hack" */;
			compatibilityVersion = "Xcode 9.3";
			developmentRegion = en;
			hasScannedForEncodings = 0;
			knownRegions = (
				en,
				Base,
			);
			mainGroup = 7742B9F324365A3200030DF5;
			productRefGroup = 7742B9FD24365A3200030DF5 /* Products */;
			projectDirPath = "";
			projectRoot = "";
			targets = (
				7742B9FB24365A3200030DF5 /* VIT Hack */,
			);
		};
/* End PBXProject section */

/* Begin PBXResourcesBuildPhase section */
		7742B9FA24365A3200030DF5 /* Resources */ = {
			isa = PBXResourcesBuildPhase;
			buildActionMask = 2147483647;
			files = (
				5BBD886E24BE2C53009E8F8E /* Lato-Black.ttf in Resources */,
				5BBD887524BE2C53009E8F8E /* Lato-ThinItalic.ttf in Resources */,
				5BBD886C24BE2C53009E8F8E /* Lato-Italic.ttf in Resources */,
				5BBD886D24BE2C53009E8F8E /* Lato-Bold.ttf in Resources */,
				5B8B1E69251D9E86005C2536 /* light.mp4 in Resources */,
				5BBD887324BE2C53009E8F8E /* Lato-Light.ttf in Resources */,
				5BBD886F24BE2C53009E8F8E /* Lato-BoldItalic.ttf in Resources */,
				5BBD887224BE2C53009E8F8E /* Lato-Thin.ttf in Resources */,
				7742BA0A24365A3300030DF5 /* LaunchScreen.storyboard in Resources */,
				5B8B1E6B251DA527005C2536 /* dark.mp4 in Resources */,
				5BBD887024BE2C53009E8F8E /* Lato-BlackItalic.ttf in Resources */,
				5BBD887124BE2C53009E8F8E /* Lato-Regular.ttf in Resources */,
				7742BA0724365A3300030DF5 /* Assets.xcassets in Resources */,
				7742BA0524365A3200030DF5 /* Main.storyboard in Resources */,
				5BBD887424BE2C53009E8F8E /* Lato-LightItalic.ttf in Resources */,
				5B99843325123BDA00EBBA9B /* GoogleService-Info.plist in Resources */,
			);
			runOnlyForDeploymentPostprocessing = 0;
		};
/* End PBXResourcesBuildPhase section */

/* Begin PBXShellScriptBuildPhase section */
		1085B949BAEF5D84D051F0C6 /* [CP] Embed Pods Frameworks */ = {
			isa = PBXShellScriptBuildPhase;
			buildActionMask = 2147483647;
			files = (
			);
			inputFileListPaths = (
				"${PODS_ROOT}/Target Support Files/Pods-VIT Hack/Pods-VIT Hack-frameworks-${CONFIGURATION}-input-files.xcfilelist",
			);
			name = "[CP] Embed Pods Frameworks";
			outputFileListPaths = (
				"${PODS_ROOT}/Target Support Files/Pods-VIT Hack/Pods-VIT Hack-frameworks-${CONFIGURATION}-output-files.xcfilelist",
			);
			runOnlyForDeploymentPostprocessing = 0;
			shellPath = /bin/sh;
			shellScript = "\"${PODS_ROOT}/Target Support Files/Pods-VIT Hack/Pods-VIT Hack-frameworks.sh\"\n";
			showEnvVarsInLog = 0;
		};
		82CC132E3CBFA70A55A8B5E7 /* [CP] Check Pods Manifest.lock */ = {
			isa = PBXShellScriptBuildPhase;
			buildActionMask = 2147483647;
			files = (
			);
			inputFileListPaths = (
			);
			inputPaths = (
				"${PODS_PODFILE_DIR_PATH}/Podfile.lock",
				"${PODS_ROOT}/Manifest.lock",
			);
			name = "[CP] Check Pods Manifest.lock";
			outputFileListPaths = (
			);
			outputPaths = (
				"$(DERIVED_FILE_DIR)/Pods-VIT Hack-checkManifestLockResult.txt",
			);
			runOnlyForDeploymentPostprocessing = 0;
			shellPath = /bin/sh;
			shellScript = "diff \"${PODS_PODFILE_DIR_PATH}/Podfile.lock\" \"${PODS_ROOT}/Manifest.lock\" > /dev/null\nif [ $? != 0 ] ; then\n    # print error to STDERR\n    echo \"error: The sandbox is not in sync with the Podfile.lock. Run 'pod install' or update your CocoaPods installation.\" >&2\n    exit 1\nfi\n# This output is used by Xcode 'outputs' to avoid re-running this script phase.\necho \"SUCCESS\" > \"${SCRIPT_OUTPUT_FILE_0}\"\n";
			showEnvVarsInLog = 0;
		};
		F0E67CE60C407D0A6C1C2D99 /* [CP] Copy Pods Resources */ = {
			isa = PBXShellScriptBuildPhase;
			buildActionMask = 2147483647;
			files = (
			);
			inputFileListPaths = (
				"${PODS_ROOT}/Target Support Files/Pods-VIT Hack/Pods-VIT Hack-resources-${CONFIGURATION}-input-files.xcfilelist",
			);
			name = "[CP] Copy Pods Resources";
			outputFileListPaths = (
				"${PODS_ROOT}/Target Support Files/Pods-VIT Hack/Pods-VIT Hack-resources-${CONFIGURATION}-output-files.xcfilelist",
			);
			runOnlyForDeploymentPostprocessing = 0;
			shellPath = /bin/sh;
			shellScript = "\"${PODS_ROOT}/Target Support Files/Pods-VIT Hack/Pods-VIT Hack-resources.sh\"\n";
			showEnvVarsInLog = 0;
		};
/* End PBXShellScriptBuildPhase section */

/* Begin PBXSourcesBuildPhase section */
		7742B9F824365A3200030DF5 /* Sources */ = {
			isa = PBXSourcesBuildPhase;
			buildActionMask = 2147483647;
			files = (
				5BBD888724BE3F3C009E8F8E /* DomainsViewController.swift in Sources */,
				5BBD889324BE41BC009E8F8E /* DomainsCell.swift in Sources */,
				5BBD887F24BE377F009E8F8E /* LoginViewController.swift in Sources */,
				5B6F635124D49F08005753AB /* firebaseCloudMessaging.swift in Sources */,
				775B1FFB2436624100E6F221 /* alert+Function.swift in Sources */,
				7742BA0024365A3200030DF5 /* AppDelegate.swift in Sources */,
				5BBD887724BE2DEF009E8F8E /* HomeViewController.swift in Sources */,
				5B44652024C8B46C00E2D47F /* AboutUsData.swift in Sources */,
				5B3A06BF24DAF62F00687B1E /* FAQViewController.swift in Sources */,
				5BBD887D24BE33BE009E8F8E /* PhoneViewController.swift in Sources */,
				5B49B9CF24D2070D00EEF2E8 /* TracksViewController.swift in Sources */,
				5B086C6624C01D6500D5264C /* OnboardingCell.swift in Sources */,
				775B1FF52436618200E6F221 /* firebaseSignOut.swift in Sources */,
				5BDBE2FC244C327F00636CF1 /* UI + Color.swift in Sources */,
				775B2002243663DA00E6F221 /* firebaseNetworking.swift in Sources */,
				5B8B1E61251D22E1005C2536 /* Gif.swift in Sources */,
				5BBD889724BED509009E8F8E /* Time.swift in Sources */,
				5B8F6B3624D1DD6A003D10E2 /* AKCorouselView.swift in Sources */,
				5BBD887B24BE33B4009E8F8E /* UserFormViewController.swift in Sources */,
				5BBD888B24BE3F59009E8F8E /* SpeakersViewController.swift in Sources */,
				77D6AA302449CDFB00E405B1 /* CompanyData.swift in Sources */,
				5B7DC75524C893C6007F1762 /* AboutUsCell.swift in Sources */,
				5B8B1E63251D23A4005C2536 /* LaunchViewController.swift in Sources */,
				5BF8920724C97FDF00C3A073 /* Textfield.swift in Sources */,
				5B086C3B24BF80FF00D5264C /* Defaults.swift in Sources */,
				5B3A06C524DB0E8900687B1E /* ResultsTableViewController.swift in Sources */,
				5B3A06C124DAFF8F00687B1E /* FaqCell.swift in Sources */,
				5BBD888524BE3F30009E8F8E /* ProfileViewController.swift in Sources */,
				5B79D92624FE0337001E2F8C /* NetworkListener.swift in Sources */,
				5B3A06C324DB008400687B1E /* QuestionViewController.swift in Sources */,
				5B4AC2AC2517258300534934 /* Safari.swift in Sources */,
				77F62C1C24484363007F4A6E /* FAQData.swift in Sources */,
				772E408E244873D200276317 /* SponsorData.swift in Sources */,
				86BBF89A24C01E3500FE6DBE /* UserModel.swift in Sources */,
				5B9A16A624CF0E70009B5311 /* AppleSignin.swift in Sources */,
				5BF310A324C36EC200F3E874 /* Progressbar.swift in Sources */,
				5B3E9E8A24C321F30038CF05 /* SpeakersCell.swift in Sources */,
				776A7FC324474BD900D6349C /* regex.swift in Sources */,
				5B086C6224C0188A00D5264C /* OnboardingViewController.swift in Sources */,
				775B1FEE2436604300E6F221 /* statusBarView.swift in Sources */,
				5BBD889124BE41B0009E8F8E /* TracksCell.swift in Sources */,
				775B1FEC2436601500E6F221 /* Reachability.swift in Sources */,
				775B1FF32436615D00E6F221 /* FirebaseAuth.swift in Sources */,
				5BE25AEF24D154B700E33FAB /* DomainData.swift in Sources */,
				5B4AC2AA251709DC00534934 /* ProfileCell.swift in Sources */,
				5BBD888D24BE3F68009E8F8E /* AboutUsViewController.swift in Sources */,
				5B9F673E24D00566005CBD22 /* Tabbar.swift in Sources */,
				775B1FF02436607300E6F221 /* constants.swift in Sources */,
				5B3E9E9024C329CD0038CF05 /* SponsorsCell.swift in Sources */,
				5BBD889524BE41CE009E8F8E /* TimelineCell.swift in Sources */,
				5B9A16A824CF125F009B5311 /* Button.swift in Sources */,
				5B3E9E8C24C3246C0038CF05 /* SpeakersData.swift in Sources */,
				5B3E9E8E24C329C10038CF05 /* CollaboratorsCell.swift in Sources */,
				5BE25AED24D1385E00E33FAB /* ViewController.swift in Sources */,
				775B1FF92436622D00E6F221 /* haptic+Feedback.swift in Sources */,
				5BBD887924BE3237009E8F8E /* SignupViewController.swift in Sources */,
				776A7FBF24470A9D00D6349C /* googleSignIn.swift in Sources */,
				5BBD888124BE3858009E8F8E /* ForgotPasswordViewController.swift in Sources */,
				775B1FFF2436634900E6F221 /* keyboard+Hide.swift in Sources */,
				77D6AA342449EE1500E405B1 /* TimelineData.swift in Sources */,
				5BBD888324BE3F23009E8F8E /* TimelineViewController.swift in Sources */,
			);
			runOnlyForDeploymentPostprocessing = 0;
		};
/* End PBXSourcesBuildPhase section */

/* Begin PBXVariantGroup section */
		7742BA0324365A3200030DF5 /* Main.storyboard */ = {
			isa = PBXVariantGroup;
			children = (
				7742BA0424365A3200030DF5 /* Base */,
			);
			name = Main.storyboard;
			sourceTree = "<group>";
		};
		7742BA0824365A3300030DF5 /* LaunchScreen.storyboard */ = {
			isa = PBXVariantGroup;
			children = (
				7742BA0924365A3300030DF5 /* Base */,
			);
			name = LaunchScreen.storyboard;
			sourceTree = "<group>";
		};
/* End PBXVariantGroup section */

/* Begin XCBuildConfiguration section */
		7742BA0C24365A3300030DF5 /* Debug */ = {
			isa = XCBuildConfiguration;
			buildSettings = {
				ALWAYS_SEARCH_USER_PATHS = NO;
				CLANG_ANALYZER_NONNULL = YES;
				CLANG_ANALYZER_NUMBER_OBJECT_CONVERSION = YES_AGGRESSIVE;
				CLANG_CXX_LANGUAGE_STANDARD = "gnu++14";
				CLANG_CXX_LIBRARY = "libc++";
				CLANG_ENABLE_MODULES = YES;
				CLANG_ENABLE_OBJC_ARC = YES;
				CLANG_ENABLE_OBJC_WEAK = YES;
				CLANG_WARN_BLOCK_CAPTURE_AUTORELEASING = YES;
				CLANG_WARN_BOOL_CONVERSION = YES;
				CLANG_WARN_COMMA = YES;
				CLANG_WARN_CONSTANT_CONVERSION = YES;
				CLANG_WARN_DEPRECATED_OBJC_IMPLEMENTATIONS = YES;
				CLANG_WARN_DIRECT_OBJC_ISA_USAGE = YES_ERROR;
				CLANG_WARN_DOCUMENTATION_COMMENTS = YES;
				CLANG_WARN_EMPTY_BODY = YES;
				CLANG_WARN_ENUM_CONVERSION = YES;
				CLANG_WARN_INFINITE_RECURSION = YES;
				CLANG_WARN_INT_CONVERSION = YES;
				CLANG_WARN_NON_LITERAL_NULL_CONVERSION = YES;
				CLANG_WARN_OBJC_IMPLICIT_RETAIN_SELF = YES;
				CLANG_WARN_OBJC_LITERAL_CONVERSION = YES;
				CLANG_WARN_OBJC_ROOT_CLASS = YES_ERROR;
				CLANG_WARN_RANGE_LOOP_ANALYSIS = YES;
				CLANG_WARN_STRICT_PROTOTYPES = YES;
				CLANG_WARN_SUSPICIOUS_MOVE = YES;
				CLANG_WARN_UNGUARDED_AVAILABILITY = YES_AGGRESSIVE;
				CLANG_WARN_UNREACHABLE_CODE = YES;
				CLANG_WARN__DUPLICATE_METHOD_MATCH = YES;
				CODE_SIGN_IDENTITY = "iPhone Developer";
				COPY_PHASE_STRIP = NO;
				DEBUG_INFORMATION_FORMAT = dwarf;
				ENABLE_STRICT_OBJC_MSGSEND = YES;
				ENABLE_TESTABILITY = YES;
				GCC_C_LANGUAGE_STANDARD = gnu11;
				GCC_DYNAMIC_NO_PIC = NO;
				GCC_NO_COMMON_BLOCKS = YES;
				GCC_OPTIMIZATION_LEVEL = 0;
				GCC_PREPROCESSOR_DEFINITIONS = (
					"DEBUG=1",
					"$(inherited)",
				);
				GCC_WARN_64_TO_32_BIT_CONVERSION = YES;
				GCC_WARN_ABOUT_RETURN_TYPE = YES_ERROR;
				GCC_WARN_UNDECLARED_SELECTOR = YES;
				GCC_WARN_UNINITIALIZED_AUTOS = YES_AGGRESSIVE;
				GCC_WARN_UNUSED_FUNCTION = YES;
				GCC_WARN_UNUSED_VARIABLE = YES;
				IPHONEOS_DEPLOYMENT_TARGET = 12.0;
				MTL_ENABLE_DEBUG_INFO = INCLUDE_SOURCE;
				MTL_FAST_MATH = YES;
				ONLY_ACTIVE_ARCH = YES;
				SDKROOT = iphoneos;
				SWIFT_ACTIVE_COMPILATION_CONDITIONS = DEBUG;
				SWIFT_OPTIMIZATION_LEVEL = "-Onone";
			};
			name = Debug;
		};
		7742BA0D24365A3300030DF5 /* Release */ = {
			isa = XCBuildConfiguration;
			buildSettings = {
				ALWAYS_SEARCH_USER_PATHS = NO;
				CLANG_ANALYZER_NONNULL = YES;
				CLANG_ANALYZER_NUMBER_OBJECT_CONVERSION = YES_AGGRESSIVE;
				CLANG_CXX_LANGUAGE_STANDARD = "gnu++14";
				CLANG_CXX_LIBRARY = "libc++";
				CLANG_ENABLE_MODULES = YES;
				CLANG_ENABLE_OBJC_ARC = YES;
				CLANG_ENABLE_OBJC_WEAK = YES;
				CLANG_WARN_BLOCK_CAPTURE_AUTORELEASING = YES;
				CLANG_WARN_BOOL_CONVERSION = YES;
				CLANG_WARN_COMMA = YES;
				CLANG_WARN_CONSTANT_CONVERSION = YES;
				CLANG_WARN_DEPRECATED_OBJC_IMPLEMENTATIONS = YES;
				CLANG_WARN_DIRECT_OBJC_ISA_USAGE = YES_ERROR;
				CLANG_WARN_DOCUMENTATION_COMMENTS = YES;
				CLANG_WARN_EMPTY_BODY = YES;
				CLANG_WARN_ENUM_CONVERSION = YES;
				CLANG_WARN_INFINITE_RECURSION = YES;
				CLANG_WARN_INT_CONVERSION = YES;
				CLANG_WARN_NON_LITERAL_NULL_CONVERSION = YES;
				CLANG_WARN_OBJC_IMPLICIT_RETAIN_SELF = YES;
				CLANG_WARN_OBJC_LITERAL_CONVERSION = YES;
				CLANG_WARN_OBJC_ROOT_CLASS = YES_ERROR;
				CLANG_WARN_RANGE_LOOP_ANALYSIS = YES;
				CLANG_WARN_STRICT_PROTOTYPES = YES;
				CLANG_WARN_SUSPICIOUS_MOVE = YES;
				CLANG_WARN_UNGUARDED_AVAILABILITY = YES_AGGRESSIVE;
				CLANG_WARN_UNREACHABLE_CODE = YES;
				CLANG_WARN__DUPLICATE_METHOD_MATCH = YES;
				CODE_SIGN_IDENTITY = "iPhone Developer";
				COPY_PHASE_STRIP = NO;
				DEBUG_INFORMATION_FORMAT = "dwarf-with-dsym";
				ENABLE_NS_ASSERTIONS = NO;
				ENABLE_STRICT_OBJC_MSGSEND = YES;
				GCC_C_LANGUAGE_STANDARD = gnu11;
				GCC_NO_COMMON_BLOCKS = YES;
				GCC_WARN_64_TO_32_BIT_CONVERSION = YES;
				GCC_WARN_ABOUT_RETURN_TYPE = YES_ERROR;
				GCC_WARN_UNDECLARED_SELECTOR = YES;
				GCC_WARN_UNINITIALIZED_AUTOS = YES_AGGRESSIVE;
				GCC_WARN_UNUSED_FUNCTION = YES;
				GCC_WARN_UNUSED_VARIABLE = YES;
				IPHONEOS_DEPLOYMENT_TARGET = 12.0;
				MTL_ENABLE_DEBUG_INFO = NO;
				MTL_FAST_MATH = YES;
				SDKROOT = iphoneos;
				SWIFT_COMPILATION_MODE = wholemodule;
				SWIFT_OPTIMIZATION_LEVEL = "-O";
				VALIDATE_PRODUCT = YES;
			};
			name = Release;
		};
		7742BA0F24365A3300030DF5 /* Debug */ = {
			isa = XCBuildConfiguration;
			baseConfigurationReference = 45E5978713BD489C08E664F2 /* Pods-VIT Hack.debug.xcconfig */;
			buildSettings = {
				ASSETCATALOG_COMPILER_APPICON_NAME = AppIcon;
				CODE_SIGN_ENTITLEMENTS = "VIT Hack/VIT Hack.entitlements";
				CODE_SIGN_IDENTITY = "Apple Development";
				CODE_SIGN_STYLE = Automatic;
				CURRENT_PROJECT_VERSION = 2;
				DEVELOPMENT_TEAM = F8CHS6PHQS;
				INFOPLIST_FILE = "VIT Hack/Info.plist";
				MARKETING_VERSION = 1.0.8;
				OTHER_LDFLAGS = "$(inherited)";
				PRODUCT_BUNDLE_IDENTIFIER = com.vithack;
				PRODUCT_NAME = "$(TARGET_NAME)";
				PROVISIONING_PROFILE_SPECIFIER = "";
				SWIFT_VERSION = 5.0;
				TARGETED_DEVICE_FAMILY = 1;
			};
			name = Debug;
		};
		7742BA1024365A3300030DF5 /* Release */ = {
			isa = XCBuildConfiguration;
			baseConfigurationReference = 0BF32DC881152432521AC6C4 /* Pods-VIT Hack.release.xcconfig */;
			buildSettings = {
				ASSETCATALOG_COMPILER_APPICON_NAME = AppIcon;
				CODE_SIGN_ENTITLEMENTS = "VIT Hack/VIT Hack.entitlements";
				CODE_SIGN_IDENTITY = "Apple Development";
				CODE_SIGN_STYLE = Automatic;
				CURRENT_PROJECT_VERSION = 2;
				DEVELOPMENT_TEAM = F8CHS6PHQS;
				INFOPLIST_FILE = "VIT Hack/Info.plist";
				MARKETING_VERSION = 1.0.8;
				OTHER_LDFLAGS = "$(inherited)";
				PRODUCT_BUNDLE_IDENTIFIER = com.vithack;
				PRODUCT_NAME = "$(TARGET_NAME)";
				PROVISIONING_PROFILE_SPECIFIER = "";
				SWIFT_VERSION = 5.0;
				TARGETED_DEVICE_FAMILY = 1;
			};
			name = Release;
		};
/* End XCBuildConfiguration section */

/* Begin XCConfigurationList section */
		7742B9F724365A3200030DF5 /* Build configuration list for PBXProject "VIT Hack" */ = {
			isa = XCConfigurationList;
			buildConfigurations = (
				7742BA0C24365A3300030DF5 /* Debug */,
				7742BA0D24365A3300030DF5 /* Release */,
			);
			defaultConfigurationIsVisible = 0;
			defaultConfigurationName = Release;
		};
		7742BA0E24365A3300030DF5 /* Build configuration list for PBXNativeTarget "VIT Hack" */ = {
			isa = XCConfigurationList;
			buildConfigurations = (
				7742BA0F24365A3300030DF5 /* Debug */,
				7742BA1024365A3300030DF5 /* Release */,
			);
			defaultConfigurationIsVisible = 0;
			defaultConfigurationName = Release;
		};
/* End XCConfigurationList section */
	};
	rootObject = 7742B9F424365A3200030DF5 /* Project object */;
}
